// !$*UTF8*$!
{
	archiveVersion = 1;
	classes = {
	};
	objectVersion = 46;
	objects = {

/* Begin PBXBuildFile section */
		5E0346B1160C8CE90093E91C /* ViewProfileTableCell.xib in Resources */ = {isa = PBXBuildFile; fileRef = 5E0346B0160C8CE90093E91C /* ViewProfileTableCell.xib */; };
		5E0346BC160C953E0093E91C /* AboutMeViewCell.m in Sources */ = {isa = PBXBuildFile; fileRef = 5E0346BB160C953E0093E91C /* AboutMeViewCell.m */; };
		5E0346BF160C95E90093E91C /* LocationCell.m in Sources */ = {isa = PBXBuildFile; fileRef = 5E0346BE160C95E90093E91C /* LocationCell.m */; };
		5E0346C2160C95FD0093E91C /* WebCell.m in Sources */ = {isa = PBXBuildFile; fileRef = 5E0346C1160C95FD0093E91C /* WebCell.m */; };
		5E0346CB160DA72D0093E91C /* ProfileEditController.m in Sources */ = {isa = PBXBuildFile; fileRef = 5E0346C9160DA72D0093E91C /* ProfileEditController.m */; };
		5E0346CC160DA72D0093E91C /* ProfileEditController.xib in Resources */ = {isa = PBXBuildFile; fileRef = 5E0346CA160DA72D0093E91C /* ProfileEditController.xib */; };
		5E0346CF160DADD50093E91C /* AboutMeEditCell.m in Sources */ = {isa = PBXBuildFile; fileRef = 5E0346CE160DADD50093E91C /* AboutMeEditCell.m */; };
		5E0346D2160DADEA0093E91C /* NameCell.m in Sources */ = {isa = PBXBuildFile; fileRef = 5E0346D1160DADEA0093E91C /* NameCell.m */; };
		5E0346DB160DC4A90093E91C /* EditFieldViewController.m in Sources */ = {isa = PBXBuildFile; fileRef = 5E0346D9160DC4A80093E91C /* EditFieldViewController.m */; };
		5E0346DC160DC4A90093E91C /* EditFieldViewController.xib in Resources */ = {isa = PBXBuildFile; fileRef = 5E0346DA160DC4A90093E91C /* EditFieldViewController.xib */; };
		5E0346DF160DD35A0093E91C /* EditFieldCell.m in Sources */ = {isa = PBXBuildFile; fileRef = 5E0346DE160DD35A0093E91C /* EditFieldCell.m */; };
		5E0346E216106B430093E91C /* ProfileImageCell.m in Sources */ = {isa = PBXBuildFile; fileRef = 5E0346E116106B420093E91C /* ProfileImageCell.m */; };
		5E0720D415B02357000AFD58 /* LaunchViewController.m in Sources */ = {isa = PBXBuildFile; fileRef = 5E0720D215B02357000AFD58 /* LaunchViewController.m */; };
		5E0720D515B02357000AFD58 /* LaunchViewController.xib in Resources */ = {isa = PBXBuildFile; fileRef = 5E0720D315B02357000AFD58 /* LaunchViewController.xib */; };
		5E0720FF15B03493000AFD58 /* TWAGSignupViewController.m in Sources */ = {isa = PBXBuildFile; fileRef = 5E0720FD15B03493000AFD58 /* TWAGSignupViewController.m */; };
		5E07210015B03493000AFD58 /* TWAGSignupViewController.xib in Resources */ = {isa = PBXBuildFile; fileRef = 5E0720FE15B03493000AFD58 /* TWAGSignupViewController.xib */; };
		5E07210E15B19C28000AFD58 /* Cells.xib in Resources */ = {isa = PBXBuildFile; fileRef = 5E07210D15B19C27000AFD58 /* Cells.xib */; };
		5E07211515B41B20000AFD58 /* TWAGSignupInProgressViewController.m in Sources */ = {isa = PBXBuildFile; fileRef = 5E07211315B41B20000AFD58 /* TWAGSignupInProgressViewController.m */; };
		5E07211615B41B20000AFD58 /* TWAGSignupInProgressViewController.xib in Resources */ = {isa = PBXBuildFile; fileRef = 5E07211415B41B20000AFD58 /* TWAGSignupInProgressViewController.xib */; };
		5E07212515B52DBB000AFD58 /* TWAGInboxViewController.m in Sources */ = {isa = PBXBuildFile; fileRef = 5E07212315B52DBB000AFD58 /* TWAGInboxViewController.m */; };
		5E07212615B52DBB000AFD58 /* TWAGInboxViewController.xib in Resources */ = {isa = PBXBuildFile; fileRef = 5E07212415B52DBB000AFD58 /* TWAGInboxViewController.xib */; };
		5E07213415B53ED8000AFD58 /* TWAGSentViewController.m in Sources */ = {isa = PBXBuildFile; fileRef = 5E07213215B53ED8000AFD58 /* TWAGSentViewController.m */; };
		5E07213515B53ED8000AFD58 /* TWAGSentViewController.xib in Resources */ = {isa = PBXBuildFile; fileRef = 5E07213315B53ED8000AFD58 /* TWAGSentViewController.xib */; };
		5E07213D15B58B4E000AFD58 /* MailTableCell.m in Sources */ = {isa = PBXBuildFile; fileRef = 5E07213C15B58B4E000AFD58 /* MailTableCell.m */; };
		5E07213F15B58D2B000AFD58 /* MailTableCell.xib in Resources */ = {isa = PBXBuildFile; fileRef = 5E07213E15B58D2A000AFD58 /* MailTableCell.xib */; };
		5E07214315B68E1A000AFD58 /* TWAGContactsViewController.m in Sources */ = {isa = PBXBuildFile; fileRef = 5E07214115B68E19000AFD58 /* TWAGContactsViewController.m */; };
		5E07214415B68E1A000AFD58 /* TWAGContactsViewController.xib in Resources */ = {isa = PBXBuildFile; fileRef = 5E07214215B68E1A000AFD58 /* TWAGContactsViewController.xib */; };
		5E07214815B68E2E000AFD58 /* TWAGMoreViewController.m in Sources */ = {isa = PBXBuildFile; fileRef = 5E07214615B68E2E000AFD58 /* TWAGMoreViewController.m */; };
		5E07214915B68E2E000AFD58 /* TWAGMoreViewController.xib in Resources */ = {isa = PBXBuildFile; fileRef = 5E07214715B68E2E000AFD58 /* TWAGMoreViewController.xib */; };
		5E07215415B69F1A000AFD58 /* TWAGComoseViewController.m in Sources */ = {isa = PBXBuildFile; fileRef = 5E07215215B69F1A000AFD58 /* TWAGComoseViewController.m */; };
		5E07215515B69F1A000AFD58 /* TWAGComoseViewController.xib in Resources */ = {isa = PBXBuildFile; fileRef = 5E07215315B69F1A000AFD58 /* TWAGComoseViewController.xib */; };
		5E1B7DEF165F75D800ECEE23 /* 2012-10-25 19.02.37.png in Resources */ = {isa = PBXBuildFile; fileRef = 5E1B7D91165F75D800ECEE23 /* 2012-10-25 19.02.37.png */; };
		5E1B7DF0165F75D800ECEE23 /* accept_facetime_call_button.png in Resources */ = {isa = PBXBuildFile; fileRef = 5E1B7D92165F75D800ECEE23 /* accept_facetime_call_button.png */; };
		5E1B7DF1165F75D800ECEE23 /* accept.png in Resources */ = {isa = PBXBuildFile; fileRef = 5E1B7D93165F75D800ECEE23 /* accept.png */; };
		5E1B7DF2165F75D800ECEE23 /* add_active.png in Resources */ = {isa = PBXBuildFile; fileRef = 5E1B7D94165F75D800ECEE23 /* add_active.png */; };
		5E1B7DF3165F75D800ECEE23 /* add_button.png in Resources */ = {isa = PBXBuildFile; fileRef = 5E1B7D95165F75D800ECEE23 /* add_button.png */; };
		5E1B7DF4165F75D800ECEE23 /* add_inactive.png in Resources */ = {isa = PBXBuildFile; fileRef = 5E1B7D96165F75D800ECEE23 /* add_inactive.png */; };
		5E1B7DF5165F75D800ECEE23 /* alphabet_list_contacts.png in Resources */ = {isa = PBXBuildFile; fileRef = 5E1B7D97165F75D800ECEE23 /* alphabet_list_contacts.png */; };
		5E1B7DF6165F75D800ECEE23 /* attachment_off.png in Resources */ = {isa = PBXBuildFile; fileRef = 5E1B7D98165F75D800ECEE23 /* attachment_off.png */; };
		5E1B7DF7165F75D800ECEE23 /* attachment_on.png in Resources */ = {isa = PBXBuildFile; fileRef = 5E1B7D99165F75D800ECEE23 /* attachment_on.png */; };
		5E1B7DF8165F75D800ECEE23 /* back_button_bottom_bar.png in Resources */ = {isa = PBXBuildFile; fileRef = 5E1B7D9A165F75D800ECEE23 /* back_button_bottom_bar.png */; };
		5E1B7DF9165F75D800ECEE23 /* back_button.png in Resources */ = {isa = PBXBuildFile; fileRef = 5E1B7D9B165F75D800ECEE23 /* back_button.png */; };
		5E1B7DFA165F75D800ECEE23 /* background.png in Resources */ = {isa = PBXBuildFile; fileRef = 5E1B7D9C165F75D800ECEE23 /* background.png */; };
		5E1B7DFB165F75D800ECEE23 /* background1.png in Resources */ = {isa = PBXBuildFile; fileRef = 5E1B7D9D165F75D800ECEE23 /* background1.png */; };
		5E1B7DFC165F75D800ECEE23 /* blueArrow.png in Resources */ = {isa = PBXBuildFile; fileRef = 5E1B7D9E165F75D800ECEE23 /* blueArrow.png */; };
		5E1B7DFD165F75D800ECEE23 /* bottom_bar_background.png in Resources */ = {isa = PBXBuildFile; fileRef = 5E1B7D9F165F75D800ECEE23 /* bottom_bar_background.png */; };
		5E1B7DFE165F75D800ECEE23 /* bottom_bar_bg.png in Resources */ = {isa = PBXBuildFile; fileRef = 5E1B7DA0165F75D800ECEE23 /* bottom_bar_bg.png */; };
		5E1B7DFF165F75D800ECEE23 /* call_option.png in Resources */ = {isa = PBXBuildFile; fileRef = 5E1B7DA1165F75D800ECEE23 /* call_option.png */; };
		5E1B7E00165F75D800ECEE23 /* camera.png in Resources */ = {isa = PBXBuildFile; fileRef = 5E1B7DA2165F75D800ECEE23 /* camera.png */; };
		5E1B7E01165F75D800ECEE23 /* cancel_button_camera.png in Resources */ = {isa = PBXBuildFile; fileRef = 5E1B7DA3165F75D800ECEE23 /* cancel_button_camera.png */; };
		5E1B7E02165F75D800ECEE23 /* cancel_button.png in Resources */ = {isa = PBXBuildFile; fileRef = 5E1B7DA4165F75D800ECEE23 /* cancel_button.png */; };
		5E1B7E03165F75D800ECEE23 /* cancel_facetime_call_button.png in Resources */ = {isa = PBXBuildFile; fileRef = 5E1B7DA5165F75D800ECEE23 /* cancel_facetime_call_button.png */; };
		5E1B7E04165F75D800ECEE23 /* cancel_inactive.png in Resources */ = {isa = PBXBuildFile; fileRef = 5E1B7DA6165F75D800ECEE23 /* cancel_inactive.png */; };
		5E1B7E05165F75D800ECEE23 /* cancel_option.png in Resources */ = {isa = PBXBuildFile; fileRef = 5E1B7DA7165F75D800ECEE23 /* cancel_option.png */; };
		5E1B7E06165F75D800ECEE23 /* cancel.png in Resources */ = {isa = PBXBuildFile; fileRef = 5E1B7DA8165F75D800ECEE23 /* cancel.png */; };
		5E1B7E07165F75D800ECEE23 /* clear.png in Resources */ = {isa = PBXBuildFile; fileRef = 5E1B7DA9165F75D800ECEE23 /* clear.png */; };
		5E1B7E08165F75D800ECEE23 /* compose_new.png in Resources */ = {isa = PBXBuildFile; fileRef = 5E1B7DAA165F75D800ECEE23 /* compose_new.png */; };
		5E1B7E09165F75D800ECEE23 /* contacts_selected.png in Resources */ = {isa = PBXBuildFile; fileRef = 5E1B7DAB165F75D800ECEE23 /* contacts_selected.png */; };
		5E1B7E0A165F75D800ECEE23 /* contacts.png in Resources */ = {isa = PBXBuildFile; fileRef = 5E1B7DAC165F75D800ECEE23 /* contacts.png */; };
		5E1B7E0B165F75D800ECEE23 /* delete_button.png in Resources */ = {isa = PBXBuildFile; fileRef = 5E1B7DAD165F75D800ECEE23 /* delete_button.png */; };
		5E1B7E0C165F75D800ECEE23 /* dontsave_option.png in Resources */ = {isa = PBXBuildFile; fileRef = 5E1B7DAE165F75D800ECEE23 /* dontsave_option.png */; };
		5E1B7E0D165F75D800ECEE23 /* InfoPlist.strings in Resources */ = {isa = PBXBuildFile; fileRef = 5E1B7DB0165F75D800ECEE23 /* InfoPlist.strings */; };
		5E1B7E0E165F75D800ECEE23 /* end_facetime_call_button.png in Resources */ = {isa = PBXBuildFile; fileRef = 5E1B7DB2165F75D800ECEE23 /* end_facetime_call_button.png */; };
		5E1B7E0F165F75D800ECEE23 /* facetime_disabled_option.png in Resources */ = {isa = PBXBuildFile; fileRef = 5E1B7DB3165F75D800ECEE23 /* facetime_disabled_option.png */; };
		5E1B7E10165F75D800ECEE23 /* facetime_option.png in Resources */ = {isa = PBXBuildFile; fileRef = 5E1B7DB4165F75D800ECEE23 /* facetime_option.png */; };
		5E1B7E11165F75D800ECEE23 /* forward.png in Resources */ = {isa = PBXBuildFile; fileRef = 5E1B7DB5165F75D800ECEE23 /* forward.png */; };
		5E1B7E12165F75D800ECEE23 /* geotag_uploaded.png in Resources */ = {isa = PBXBuildFile; fileRef = 5E1B7DB6165F75D800ECEE23 /* geotag_uploaded.png */; };
		5E1B7E13165F75D800ECEE23 /* geotag.png in Resources */ = {isa = PBXBuildFile; fileRef = 5E1B7DB7165F75D800ECEE23 /* geotag.png */; };
		5E1B7E14165F75D800ECEE23 /* groups_active.png in Resources */ = {isa = PBXBuildFile; fileRef = 5E1B7DB8165F75D800ECEE23 /* groups_active.png */; };
		5E1B7E15165F75D800ECEE23 /* groups_inactive.png in Resources */ = {isa = PBXBuildFile; fileRef = 5E1B7DB9165F75D800ECEE23 /* groups_inactive.png */; };
		5E1B7E16165F75D800ECEE23 /* i-phone-bg.png in Resources */ = {isa = PBXBuildFile; fileRef = 5E1B7DBA165F75D800ECEE23 /* i-phone-bg.png */; };
		5E1B7E17165F75D800ECEE23 /* inbox_selected.png in Resources */ = {isa = PBXBuildFile; fileRef = 5E1B7DBB165F75D800ECEE23 /* inbox_selected.png */; };
		5E1B7E18165F75D800ECEE23 /* iphone_bg6.png in Resources */ = {isa = PBXBuildFile; fileRef = 5E1B7DBC165F75D800ECEE23 /* iphone_bg6.png */; };
		5E1B7E19165F75D800ECEE23 /* links_uploaded.png in Resources */ = {isa = PBXBuildFile; fileRef = 5E1B7DBD165F75D800ECEE23 /* links_uploaded.png */; };
		5E1B7E1A165F75D800ECEE23 /* links.png in Resources */ = {isa = PBXBuildFile; fileRef = 5E1B7DBE165F75D800ECEE23 /* links.png */; };
		5E1B7E1B165F75D800ECEE23 /* magnifying_glass.png in Resources */ = {isa = PBXBuildFile; fileRef = 5E1B7DBF165F75D800ECEE23 /* magnifying_glass.png */; };
		5E1B7E1C165F75D800ECEE23 /* message_single_bg_active.png in Resources */ = {isa = PBXBuildFile; fileRef = 5E1B7DC0165F75D800ECEE23 /* message_single_bg_active.png */; };
		5E1B7E1D165F75D800ECEE23 /* message_single_bg.png in Resources */ = {isa = PBXBuildFile; fileRef = 5E1B7DC1165F75D800ECEE23 /* message_single_bg.png */; };
		5E1B7E1E165F75D800ECEE23 /* more_selected.png in Resources */ = {isa = PBXBuildFile; fileRef = 5E1B7DC2165F75D800ECEE23 /* more_selected.png */; };
		5E1B7E1F165F75D800ECEE23 /* more.png in Resources */ = {isa = PBXBuildFile; fileRef = 5E1B7DC3165F75D800ECEE23 /* more.png */; };
		5E1B7E20165F75D800ECEE23 /* notification_grey_bubble.png in Resources */ = {isa = PBXBuildFile; fileRef = 5E1B7DC4165F75D800ECEE23 /* notification_grey_bubble.png */; };
		5E1B7E21165F75D800ECEE23 /* notification_red_bubble.png in Resources */ = {isa = PBXBuildFile; fileRef = 5E1B7DC5165F75D800ECEE23 /* notification_red_bubble.png */; };
		5E1B7E22165F75D800ECEE23 /* openinsafari_option.png in Resources */ = {isa = PBXBuildFile; fileRef = 5E1B7DC6165F75D800ECEE23 /* openinsafari_option.png */; };
		5E1B7E23165F75D800ECEE23 /* options_background.png in Resources */ = {isa = PBXBuildFile; fileRef = 5E1B7DC7165F75D800ECEE23 /* options_background.png */; };
		5E1B7E24165F75D800ECEE23 /* outbox_selected.png in Resources */ = {isa = PBXBuildFile; fileRef = 5E1B7DC8165F75D800ECEE23 /* outbox_selected.png */; };
		5E1B7E25165F75D800ECEE23 /* outbox.png in Resources */ = {isa = PBXBuildFile; fileRef = 5E1B7DC9165F75D800ECEE23 /* outbox.png */; };
		5E1B7E26165F75D800ECEE23 /* pause.png in Resources */ = {isa = PBXBuildFile; fileRef = 5E1B7DCA165F75D800ECEE23 /* pause.png */; };
		5E1B7E27165F75D800ECEE23 /* Placeholder.png in Resources */ = {isa = PBXBuildFile; fileRef = 5E1B7DCB165F75D800ECEE23 /* Placeholder.png */; };
		5E1B7E28165F75D800ECEE23 /* play_button.png in Resources */ = {isa = PBXBuildFile; fileRef = 5E1B7DCC165F75D800ECEE23 /* play_button.png */; };
		5E1B7E29165F75D800ECEE23 /* record_active.png in Resources */ = {isa = PBXBuildFile; fileRef = 5E1B7DCD165F75D800ECEE23 /* record_active.png */; };
		5E1B7E2A165F75D800ECEE23 /* record.png in Resources */ = {isa = PBXBuildFile; fileRef = 5E1B7DCE165F75D800ECEE23 /* record.png */; };
		5E1B7E2B165F75D800ECEE23 /* recording_timer_background.png in Resources */ = {isa = PBXBuildFile; fileRef = 5E1B7DCF165F75D800ECEE23 /* recording_timer_background.png */; };
		5E1B7E2C165F75D800ECEE23 /* refresh_down_arrow.png in Resources */ = {isa = PBXBuildFile; fileRef = 5E1B7DD0165F75D800ECEE23 /* refresh_down_arrow.png */; };
		5E1B7E2D165F75D800ECEE23 /* refresh_up_arrow.png in Resources */ = {isa = PBXBuildFile; fileRef = 5E1B7DD1165F75D800ECEE23 /* refresh_up_arrow.png */; };
		5E1B7E2E165F75D800ECEE23 /* reject.png in Resources */ = {isa = PBXBuildFile; fileRef = 5E1B7DD2165F75D800ECEE23 /* reject.png */; };
		5E1B7E2F165F75D800ECEE23 /* remove_button.png in Resources */ = {isa = PBXBuildFile; fileRef = 5E1B7DD3165F75D800ECEE23 /* remove_button.png */; };
		5E1B7E30165F75D800ECEE23 /* reply.png in Resources */ = {isa = PBXBuildFile; fileRef = 5E1B7DD4165F75D800ECEE23 /* reply.png */; };
		5E1B7E31165F75D800ECEE23 /* retake.png in Resources */ = {isa = PBXBuildFile; fileRef = 5E1B7DD5165F75D800ECEE23 /* retake.png */; };
		5E1B7E32165F75D800ECEE23 /* save_option.png in Resources */ = {isa = PBXBuildFile; fileRef = 5E1B7DD6165F75D800ECEE23 /* save_option.png */; };
		5E1B7E33165F75D800ECEE23 /* save.png in Resources */ = {isa = PBXBuildFile; fileRef = 5E1B7DD7165F75D800ECEE23 /* save.png */; };
		5E1B7E34165F75D800ECEE23 /* search_cancel.png in Resources */ = {isa = PBXBuildFile; fileRef = 5E1B7DD8165F75D800ECEE23 /* search_cancel.png */; };
		5E1B7E35165F75D800ECEE23 /* send_inactive.png in Resources */ = {isa = PBXBuildFile; fileRef = 5E1B7DD9165F75D800ECEE23 /* send_inactive.png */; };
		5E1B7E36165F75D800ECEE23 /* send.png in Resources */ = {isa = PBXBuildFile; fileRef = 5E1B7DDA165F75D800ECEE23 /* send.png */; };
		5E1B7E37165F75D800ECEE23 /* separator-line.png in Resources */ = {isa = PBXBuildFile; fileRef = 5E1B7DDB165F75D800ECEE23 /* separator-line.png */; };
		5E1B7E38165F75D800ECEE23 /* settings_selected.png in Resources */ = {isa = PBXBuildFile; fileRef = 5E1B7DDC165F75D800ECEE23 /* settings_selected.png */; };
		5E1B7E39165F75D800ECEE23 /* settings.png in Resources */ = {isa = PBXBuildFile; fileRef = 5E1B7DDD165F75D800ECEE23 /* settings.png */; };
		5E1B7E3A165F75D800ECEE23 /* signin.png in Resources */ = {isa = PBXBuildFile; fileRef = 5E1B7DDE165F75D800ECEE23 /* signin.png */; };
		5E1B7E3B165F75D800ECEE23 /* signup.png in Resources */ = {isa = PBXBuildFile; fileRef = 5E1B7DDF165F75D800ECEE23 /* signup.png */; };
		5E1B7E3C165F75D800ECEE23 /* swipe_options_bg.png in Resources */ = {isa = PBXBuildFile; fileRef = 5E1B7DE0165F75D800ECEE23 /* swipe_options_bg.png */; };
		5E1B7E3D165F75D800ECEE23 /* swipe_options_play.png in Resources */ = {isa = PBXBuildFile; fileRef = 5E1B7DE1165F75D800ECEE23 /* swipe_options_play.png */; };
		5E1B7E3E165F75D800ECEE23 /* swipe_options_reply.png in Resources */ = {isa = PBXBuildFile; fileRef = 5E1B7DE2165F75D800ECEE23 /* swipe_options_reply.png */; };
		5E1B7E3F165F75D800ECEE23 /* swipe_options_trash.png in Resources */ = {isa = PBXBuildFile; fileRef = 5E1B7DE3165F75D800ECEE23 /* swipe_options_trash.png */; };
		5E1B7E40165F75D800ECEE23 /* swipe_options_user.png in Resources */ = {isa = PBXBuildFile; fileRef = 5E1B7DE4165F75D800ECEE23 /* swipe_options_user.png */; };
		5E1B7E41165F75D800ECEE23 /* topbar.png in Resources */ = {isa = PBXBuildFile; fileRef = 5E1B7DE5165F75D800ECEE23 /* topbar.png */; };
		5E1B7E42165F75D800ECEE23 /* trash_button_active.png in Resources */ = {isa = PBXBuildFile; fileRef = 5E1B7DE6165F75D800ECEE23 /* trash_button_active.png */; };
		5E1B7E43165F75D800ECEE23 /* trash_button.png in Resources */ = {isa = PBXBuildFile; fileRef = 5E1B7DE7165F75D800ECEE23 /* trash_button.png */; };
		5E1B7E44165F75D800ECEE23 /* unread.png in Resources */ = {isa = PBXBuildFile; fileRef = 5E1B7DE8165F75D800ECEE23 /* unread.png */; };
		5E1B7E45165F75D800ECEE23 /* use.png in Resources */ = {isa = PBXBuildFile; fileRef = 5E1B7DE9165F75D800ECEE23 /* use.png */; };
		5E1B7E46165F75D800ECEE23 /* video_message_uploaded.png in Resources */ = {isa = PBXBuildFile; fileRef = 5E1B7DEA165F75D800ECEE23 /* video_message_uploaded.png */; };
		5E1B7E47165F75D800ECEE23 /* video_message.png in Resources */ = {isa = PBXBuildFile; fileRef = 5E1B7DEB165F75D800ECEE23 /* video_message.png */; };
		5E1B7E48165F75D800ECEE23 /* videomail_option.png in Resources */ = {isa = PBXBuildFile; fileRef = 5E1B7DEC165F75D800ECEE23 /* videomail_option.png */; };
		5E1B7E49165F75D800ECEE23 /* wifi_active.png in Resources */ = {isa = PBXBuildFile; fileRef = 5E1B7DED165F75D800ECEE23 /* wifi_active.png */; };
		5E1B7E4A165F75D800ECEE23 /* wifi_inactive.png in Resources */ = {isa = PBXBuildFile; fileRef = 5E1B7DEE165F75D800ECEE23 /* wifi_inactive.png */; };
		5E55A09915EE1158004A539A /* TWAGProtocols.m in Sources */ = {isa = PBXBuildFile; fileRef = 5E55A09815EE1158004A539A /* TWAGProtocols.m */; };
		5E55A0A115EF3397004A539A /* AddContactsViewController.m in Sources */ = {isa = PBXBuildFile; fileRef = 5E55A09F15EF3397004A539A /* AddContactsViewController.m */; };
		5E55A0A215EF3397004A539A /* AddContactsViewController.xib in Resources */ = {isa = PBXBuildFile; fileRef = 5E55A0A015EF3397004A539A /* AddContactsViewController.xib */; };
		5E55A0A515EF637E004A539A /* AddContactCells.xib in Resources */ = {isa = PBXBuildFile; fileRef = 5E55A0A415EF637E004A539A /* AddContactCells.xib */; };
		5E5E9E4715B700450067C5BC /* TWAGUIImageView.m in Sources */ = {isa = PBXBuildFile; fileRef = 5E5E9E4615B700450067C5BC /* TWAGUIImageView.m */; };
		5E5E9E4C15B814C50067C5BC /* TWAGPlayerViewController.m in Sources */ = {isa = PBXBuildFile; fileRef = 5E5E9E4A15B814C50067C5BC /* TWAGPlayerViewController.m */; };
		5E5E9E4D15B814C50067C5BC /* TWAGPlayerViewController.xib in Resources */ = {isa = PBXBuildFile; fileRef = 5E5E9E4B15B814C50067C5BC /* TWAGPlayerViewController.xib */; };
		5E5E9E5315B819520067C5BC /* MediaPlayer.framework in Frameworks */ = {isa = PBXBuildFile; fileRef = 5E5E9E5215B819520067C5BC /* MediaPlayer.framework */; };
		5E5E9E6315B874790067C5BC /* settings.plist in Resources */ = {isa = PBXBuildFile; fileRef = 5E5E9E6215B874790067C5BC /* settings.plist */; };
		5E5E9E6615B87C5C0067C5BC /* TWAGConstants.m in Sources */ = {isa = PBXBuildFile; fileRef = 5E5E9E6515B87C5C0067C5BC /* TWAGConstants.m */; };
		5E5E9EA815B940570067C5BC /* Security.framework in Frameworks */ = {isa = PBXBuildFile; fileRef = 5E5E9EA715B940570067C5BC /* Security.framework */; };
		5E5E9EE715BAC2B00067C5BC /* ComposeScreenCells.xib in Resources */ = {isa = PBXBuildFile; fileRef = 5E5E9EE615BAC2B00067C5BC /* ComposeScreenCells.xib */; };
		5E5E9EF115BB2F8F0067C5BC /* TWAGRecordingViewController.m in Sources */ = {isa = PBXBuildFile; fileRef = 5E5E9EEF15BB2F8F0067C5BC /* TWAGRecordingViewController.m */; };
		5E5E9EF215BB2F8F0067C5BC /* TWAGRecordingViewController.xib in Resources */ = {isa = PBXBuildFile; fileRef = 5E5E9EF015BB2F8F0067C5BC /* TWAGRecordingViewController.xib */; };
		5E7B936115AED35700D415A1 /* UIKit.framework in Frameworks */ = {isa = PBXBuildFile; fileRef = 5E7B936015AED35700D415A1 /* UIKit.framework */; };
		5E7B936315AED35700D415A1 /* Foundation.framework in Frameworks */ = {isa = PBXBuildFile; fileRef = 5E7B936215AED35700D415A1 /* Foundation.framework */; };
		5E7B936515AED35700D415A1 /* CoreGraphics.framework in Frameworks */ = {isa = PBXBuildFile; fileRef = 5E7B936415AED35700D415A1 /* CoreGraphics.framework */; };
		5E7B936B15AED35700D415A1 /* InfoPlist.strings in Resources */ = {isa = PBXBuildFile; fileRef = 5E7B936915AED35700D415A1 /* InfoPlist.strings */; };
		5E7B936D15AED35700D415A1 /* main.m in Sources */ = {isa = PBXBuildFile; fileRef = 5E7B936C15AED35700D415A1 /* main.m */; };
		5E7B937115AED35700D415A1 /* TWAGAppDelegate.m in Sources */ = {isa = PBXBuildFile; fileRef = 5E7B937015AED35700D415A1 /* TWAGAppDelegate.m */; };
		5E83F32815C92EFC00CB2C81 /* SwipedTableCell.m in Sources */ = {isa = PBXBuildFile; fileRef = 5E83F32715C92EFC00CB2C81 /* SwipedTableCell.m */; };
		5E83F36F15DD0A3E00CB2C81 /* LoadingViewController.m in Sources */ = {isa = PBXBuildFile; fileRef = 5E83F36D15DD0A3E00CB2C81 /* LoadingViewController.m */; };
		5E83F37015DD0A3E00CB2C81 /* LoadingViewController.xib in Resources */ = {isa = PBXBuildFile; fileRef = 5E83F36E15DD0A3E00CB2C81 /* LoadingViewController.xib */; };
		5E93A6C115EBA30B00FB3E36 /* AutoCompleteDelegate.m in Sources */ = {isa = PBXBuildFile; fileRef = 5E93A6C015EBA30B00FB3E36 /* AutoCompleteDelegate.m */; };
		5E93A6C515EBA65100FB3E36 /* AutoCompleteTableView.m in Sources */ = {isa = PBXBuildFile; fileRef = 5E93A6C415EBA65100FB3E36 /* AutoCompleteTableView.m */; };
		5E998DE615F1F42F001FFFE1 /* ContactTableCell.m in Sources */ = {isa = PBXBuildFile; fileRef = 5E998DE515F1F42E001FFFE1 /* ContactTableCell.m */; };
		5E998DF615F222F7001FFFE1 /* UILazyImageView.m in Sources */ = {isa = PBXBuildFile; fileRef = 5E998DF515F222F7001FFFE1 /* UILazyImageView.m */; };
		5E998DFD15F2359F001FFFE1 /* IconDownloader.m in Sources */ = {isa = PBXBuildFile; fileRef = 5E998DFC15F2359F001FFFE1 /* IconDownloader.m */; };
		5E998E0315F2374B001FFFE1 /* ProfileRecord.m in Sources */ = {isa = PBXBuildFile; fileRef = 5E998E0215F2374B001FFFE1 /* ProfileRecord.m */; };
		5E998E0915F4BA27001FFFE1 /* ViewContactRequestsViewController.m in Sources */ = {isa = PBXBuildFile; fileRef = 5E998E0715F4BA27001FFFE1 /* ViewContactRequestsViewController.m */; };
		5E998E0A15F4BA27001FFFE1 /* ViewContactRequestsViewController.xib in Resources */ = {isa = PBXBuildFile; fileRef = 5E998E0815F4BA27001FFFE1 /* ViewContactRequestsViewController.xib */; };
		5E998E0E15F4CF97001FFFE1 /* ContactViewController.m in Sources */ = {isa = PBXBuildFile; fileRef = 5E998E0C15F4CF96001FFFE1 /* ContactViewController.m */; };
		5E998E0F15F4CF97001FFFE1 /* ContactViewController.xib in Resources */ = {isa = PBXBuildFile; fileRef = 5E998E0D15F4CF97001FFFE1 /* ContactViewController.xib */; };
		5E998E2915F8A216001FFFE1 /* ProfileViewController.m in Sources */ = {isa = PBXBuildFile; fileRef = 5E998E2715F8A215001FFFE1 /* ProfileViewController.m */; };
		5E998E2A15F8A216001FFFE1 /* ProfileViewController.xib in Resources */ = {isa = PBXBuildFile; fileRef = 5E998E2815F8A215001FFFE1 /* ProfileViewController.xib */; };
		5EA59DF915BEEDA5009CC0BE /* TWAGSigninViewController.m in Sources */ = {isa = PBXBuildFile; fileRef = 5EA59DF715BEEDA5009CC0BE /* TWAGSigninViewController.m */; };
		5EA59DFA15BEEDA5009CC0BE /* TWAGSigninViewController.xib in Resources */ = {isa = PBXBuildFile; fileRef = 5EA59DF815BEEDA5009CC0BE /* TWAGSigninViewController.xib */; };
		5EA59E1A15C159B4009CC0BE /* QuartzCore.framework in Frameworks */ = {isa = PBXBuildFile; fileRef = 5EA59E1815C15983009CC0BE /* QuartzCore.framework */; };
		5EA59F7B15C2D52D009CC0BE /* PullRefreshTableView.m in Sources */ = {isa = PBXBuildFile; fileRef = 5EA59F7A15C2D52D009CC0BE /* PullRefreshTableView.m */; };
		5EAC377C15BD3088005DDD96 /* MobileCoreServices.framework in Frameworks */ = {isa = PBXBuildFile; fileRef = 5EAC377915BD2FEE005DDD96 /* MobileCoreServices.framework */; };
		5EAC378015BD689A005DDD96 /* TWAGPlayAfterRecordViewController.m in Sources */ = {isa = PBXBuildFile; fileRef = 5EAC377E15BD689A005DDD96 /* TWAGPlayAfterRecordViewController.m */; };
		5EAC378115BD689A005DDD96 /* TWAGPlayAfterRecordViewController.xib in Resources */ = {isa = PBXBuildFile; fileRef = 5EAC377F15BD689A005DDD96 /* TWAGPlayAfterRecordViewController.xib */; };
/* End PBXBuildFile section */

/* Begin PBXFileReference section */
		5E0346B0160C8CE90093E91C /* ViewProfileTableCell.xib */ = {isa = PBXFileReference; fileEncoding = 4; lastKnownFileType = file.xib; path = ViewProfileTableCell.xib; sourceTree = "<group>"; };
		5E0346BA160C953E0093E91C /* AboutMeViewCell.h */ = {isa = PBXFileReference; fileEncoding = 4; lastKnownFileType = sourcecode.c.h; path = AboutMeViewCell.h; sourceTree = "<group>"; };
		5E0346BB160C953E0093E91C /* AboutMeViewCell.m */ = {isa = PBXFileReference; fileEncoding = 4; lastKnownFileType = sourcecode.c.objc; path = AboutMeViewCell.m; sourceTree = "<group>"; };
		5E0346BD160C95E90093E91C /* LocationCell.h */ = {isa = PBXFileReference; fileEncoding = 4; lastKnownFileType = sourcecode.c.h; path = LocationCell.h; sourceTree = "<group>"; };
		5E0346BE160C95E90093E91C /* LocationCell.m */ = {isa = PBXFileReference; fileEncoding = 4; lastKnownFileType = sourcecode.c.objc; path = LocationCell.m; sourceTree = "<group>"; };
		5E0346C0160C95FD0093E91C /* WebCell.h */ = {isa = PBXFileReference; fileEncoding = 4; lastKnownFileType = sourcecode.c.h; path = WebCell.h; sourceTree = "<group>"; };
		5E0346C1160C95FD0093E91C /* WebCell.m */ = {isa = PBXFileReference; fileEncoding = 4; lastKnownFileType = sourcecode.c.objc; path = WebCell.m; sourceTree = "<group>"; };
		5E0346C8160DA72C0093E91C /* ProfileEditController.h */ = {isa = PBXFileReference; fileEncoding = 4; lastKnownFileType = sourcecode.c.h; path = ProfileEditController.h; sourceTree = "<group>"; };
		5E0346C9160DA72D0093E91C /* ProfileEditController.m */ = {isa = PBXFileReference; fileEncoding = 4; lastKnownFileType = sourcecode.c.objc; path = ProfileEditController.m; sourceTree = "<group>"; };
		5E0346CA160DA72D0093E91C /* ProfileEditController.xib */ = {isa = PBXFileReference; fileEncoding = 4; lastKnownFileType = file.xib; path = ProfileEditController.xib; sourceTree = "<group>"; };
		5E0346CD160DADD40093E91C /* AboutMeEditCell.h */ = {isa = PBXFileReference; fileEncoding = 4; lastKnownFileType = sourcecode.c.h; path = AboutMeEditCell.h; sourceTree = "<group>"; };
		5E0346CE160DADD50093E91C /* AboutMeEditCell.m */ = {isa = PBXFileReference; fileEncoding = 4; lastKnownFileType = sourcecode.c.objc; path = AboutMeEditCell.m; sourceTree = "<group>"; };
		5E0346D0160DADEA0093E91C /* NameCell.h */ = {isa = PBXFileReference; fileEncoding = 4; lastKnownFileType = sourcecode.c.h; path = NameCell.h; sourceTree = "<group>"; };
		5E0346D1160DADEA0093E91C /* NameCell.m */ = {isa = PBXFileReference; fileEncoding = 4; lastKnownFileType = sourcecode.c.objc; path = NameCell.m; sourceTree = "<group>"; };
		5E0346D8160DC4A80093E91C /* EditFieldViewController.h */ = {isa = PBXFileReference; fileEncoding = 4; lastKnownFileType = sourcecode.c.h; path = EditFieldViewController.h; sourceTree = "<group>"; };
		5E0346D9160DC4A80093E91C /* EditFieldViewController.m */ = {isa = PBXFileReference; fileEncoding = 4; lastKnownFileType = sourcecode.c.objc; path = EditFieldViewController.m; sourceTree = "<group>"; };
		5E0346DA160DC4A90093E91C /* EditFieldViewController.xib */ = {isa = PBXFileReference; fileEncoding = 4; lastKnownFileType = file.xib; path = EditFieldViewController.xib; sourceTree = "<group>"; };
		5E0346DD160DD3590093E91C /* EditFieldCell.h */ = {isa = PBXFileReference; fileEncoding = 4; lastKnownFileType = sourcecode.c.h; path = EditFieldCell.h; sourceTree = "<group>"; };
		5E0346DE160DD35A0093E91C /* EditFieldCell.m */ = {isa = PBXFileReference; fileEncoding = 4; lastKnownFileType = sourcecode.c.objc; path = EditFieldCell.m; sourceTree = "<group>"; };
		5E0346E016106B410093E91C /* ProfileImageCell.h */ = {isa = PBXFileReference; fileEncoding = 4; lastKnownFileType = sourcecode.c.h; path = ProfileImageCell.h; sourceTree = "<group>"; };
		5E0346E116106B420093E91C /* ProfileImageCell.m */ = {isa = PBXFileReference; fileEncoding = 4; lastKnownFileType = sourcecode.c.objc; path = ProfileImageCell.m; sourceTree = "<group>"; };
		5E0720D115B02357000AFD58 /* LaunchViewController.h */ = {isa = PBXFileReference; fileEncoding = 4; lastKnownFileType = sourcecode.c.h; path = LaunchViewController.h; sourceTree = "<group>"; };
		5E0720D215B02357000AFD58 /* LaunchViewController.m */ = {isa = PBXFileReference; fileEncoding = 4; lastKnownFileType = sourcecode.c.objc; path = LaunchViewController.m; sourceTree = "<group>"; };
		5E0720D315B02357000AFD58 /* LaunchViewController.xib */ = {isa = PBXFileReference; fileEncoding = 4; lastKnownFileType = file.xib; path = LaunchViewController.xib; sourceTree = "<group>"; };
		5E0720FC15B03493000AFD58 /* TWAGSignupViewController.h */ = {isa = PBXFileReference; fileEncoding = 4; lastKnownFileType = sourcecode.c.h; path = TWAGSignupViewController.h; sourceTree = "<group>"; };
		5E0720FD15B03493000AFD58 /* TWAGSignupViewController.m */ = {isa = PBXFileReference; fileEncoding = 4; lastKnownFileType = sourcecode.c.objc; path = TWAGSignupViewController.m; sourceTree = "<group>"; };
		5E0720FE15B03493000AFD58 /* TWAGSignupViewController.xib */ = {isa = PBXFileReference; fileEncoding = 4; lastKnownFileType = file.xib; path = TWAGSignupViewController.xib; sourceTree = "<group>"; };
		5E07210D15B19C27000AFD58 /* Cells.xib */ = {isa = PBXFileReference; fileEncoding = 4; lastKnownFileType = file.xib; path = Cells.xib; sourceTree = "<group>"; };
		5E07211215B41B20000AFD58 /* TWAGSignupInProgressViewController.h */ = {isa = PBXFileReference; fileEncoding = 4; lastKnownFileType = sourcecode.c.h; path = TWAGSignupInProgressViewController.h; sourceTree = "<group>"; };
		5E07211315B41B20000AFD58 /* TWAGSignupInProgressViewController.m */ = {isa = PBXFileReference; fileEncoding = 4; lastKnownFileType = sourcecode.c.objc; path = TWAGSignupInProgressViewController.m; sourceTree = "<group>"; };
		5E07211415B41B20000AFD58 /* TWAGSignupInProgressViewController.xib */ = {isa = PBXFileReference; fileEncoding = 4; lastKnownFileType = file.xib; path = TWAGSignupInProgressViewController.xib; sourceTree = "<group>"; };
		5E07212215B52DBB000AFD58 /* TWAGInboxViewController.h */ = {isa = PBXFileReference; fileEncoding = 4; lastKnownFileType = sourcecode.c.h; path = TWAGInboxViewController.h; sourceTree = "<group>"; };
		5E07212315B52DBB000AFD58 /* TWAGInboxViewController.m */ = {isa = PBXFileReference; fileEncoding = 4; lastKnownFileType = sourcecode.c.objc; path = TWAGInboxViewController.m; sourceTree = "<group>"; };
		5E07212415B52DBB000AFD58 /* TWAGInboxViewController.xib */ = {isa = PBXFileReference; fileEncoding = 4; lastKnownFileType = file.xib; path = TWAGInboxViewController.xib; sourceTree = "<group>"; };
		5E07213115B53ED8000AFD58 /* TWAGSentViewController.h */ = {isa = PBXFileReference; fileEncoding = 4; lastKnownFileType = sourcecode.c.h; path = TWAGSentViewController.h; sourceTree = "<group>"; };
		5E07213215B53ED8000AFD58 /* TWAGSentViewController.m */ = {isa = PBXFileReference; fileEncoding = 4; lastKnownFileType = sourcecode.c.objc; path = TWAGSentViewController.m; sourceTree = "<group>"; };
		5E07213315B53ED8000AFD58 /* TWAGSentViewController.xib */ = {isa = PBXFileReference; fileEncoding = 4; lastKnownFileType = file.xib; path = TWAGSentViewController.xib; sourceTree = "<group>"; };
		5E07213B15B58B4E000AFD58 /* MailTableCell.h */ = {isa = PBXFileReference; fileEncoding = 4; lastKnownFileType = sourcecode.c.h; path = MailTableCell.h; sourceTree = "<group>"; };
		5E07213C15B58B4E000AFD58 /* MailTableCell.m */ = {isa = PBXFileReference; fileEncoding = 4; lastKnownFileType = sourcecode.c.objc; path = MailTableCell.m; sourceTree = "<group>"; };
		5E07213E15B58D2A000AFD58 /* MailTableCell.xib */ = {isa = PBXFileReference; fileEncoding = 4; lastKnownFileType = file.xib; path = MailTableCell.xib; sourceTree = "<group>"; };
		5E07214015B68E19000AFD58 /* TWAGContactsViewController.h */ = {isa = PBXFileReference; fileEncoding = 4; lastKnownFileType = sourcecode.c.h; path = TWAGContactsViewController.h; sourceTree = "<group>"; };
		5E07214115B68E19000AFD58 /* TWAGContactsViewController.m */ = {isa = PBXFileReference; fileEncoding = 4; lastKnownFileType = sourcecode.c.objc; path = TWAGContactsViewController.m; sourceTree = "<group>"; };
		5E07214215B68E1A000AFD58 /* TWAGContactsViewController.xib */ = {isa = PBXFileReference; fileEncoding = 4; lastKnownFileType = file.xib; path = TWAGContactsViewController.xib; sourceTree = "<group>"; };
		5E07214515B68E2D000AFD58 /* TWAGMoreViewController.h */ = {isa = PBXFileReference; fileEncoding = 4; lastKnownFileType = sourcecode.c.h; path = TWAGMoreViewController.h; sourceTree = "<group>"; };
		5E07214615B68E2E000AFD58 /* TWAGMoreViewController.m */ = {isa = PBXFileReference; fileEncoding = 4; lastKnownFileType = sourcecode.c.objc; path = TWAGMoreViewController.m; sourceTree = "<group>"; };
		5E07214715B68E2E000AFD58 /* TWAGMoreViewController.xib */ = {isa = PBXFileReference; fileEncoding = 4; lastKnownFileType = file.xib; path = TWAGMoreViewController.xib; sourceTree = "<group>"; };
		5E07215115B69F1A000AFD58 /* TWAGComoseViewController.h */ = {isa = PBXFileReference; fileEncoding = 4; lastKnownFileType = sourcecode.c.h; path = TWAGComoseViewController.h; sourceTree = "<group>"; };
		5E07215215B69F1A000AFD58 /* TWAGComoseViewController.m */ = {isa = PBXFileReference; fileEncoding = 4; lastKnownFileType = sourcecode.c.objc; path = TWAGComoseViewController.m; sourceTree = "<group>"; };
		5E07215315B69F1A000AFD58 /* TWAGComoseViewController.xib */ = {isa = PBXFileReference; fileEncoding = 4; lastKnownFileType = file.xib; path = TWAGComoseViewController.xib; sourceTree = "<group>"; };
		5E1B7D91165F75D800ECEE23 /* 2012-10-25 19.02.37.png */ = {isa = PBXFileReference; lastKnownFileType = image.png; path = "2012-10-25 19.02.37.png"; sourceTree = "<group>"; };
		5E1B7D92165F75D800ECEE23 /* accept_facetime_call_button.png */ = {isa = PBXFileReference; lastKnownFileType = image.png; path = accept_facetime_call_button.png; sourceTree = "<group>"; };
		5E1B7D93165F75D800ECEE23 /* accept.png */ = {isa = PBXFileReference; lastKnownFileType = image.png; path = accept.png; sourceTree = "<group>"; };
		5E1B7D94165F75D800ECEE23 /* add_active.png */ = {isa = PBXFileReference; lastKnownFileType = image.png; path = add_active.png; sourceTree = "<group>"; };
		5E1B7D95165F75D800ECEE23 /* add_button.png */ = {isa = PBXFileReference; lastKnownFileType = image.png; path = add_button.png; sourceTree = "<group>"; };
		5E1B7D96165F75D800ECEE23 /* add_inactive.png */ = {isa = PBXFileReference; lastKnownFileType = image.png; path = add_inactive.png; sourceTree = "<group>"; };
		5E1B7D97165F75D800ECEE23 /* alphabet_list_contacts.png */ = {isa = PBXFileReference; lastKnownFileType = image.png; path = alphabet_list_contacts.png; sourceTree = "<group>"; };
		5E1B7D98165F75D800ECEE23 /* attachment_off.png */ = {isa = PBXFileReference; lastKnownFileType = image.png; path = attachment_off.png; sourceTree = "<group>"; };
		5E1B7D99165F75D800ECEE23 /* attachment_on.png */ = {isa = PBXFileReference; lastKnownFileType = image.png; path = attachment_on.png; sourceTree = "<group>"; };
		5E1B7D9A165F75D800ECEE23 /* back_button_bottom_bar.png */ = {isa = PBXFileReference; lastKnownFileType = image.png; path = back_button_bottom_bar.png; sourceTree = "<group>"; };
		5E1B7D9B165F75D800ECEE23 /* back_button.png */ = {isa = PBXFileReference; lastKnownFileType = image.png; path = back_button.png; sourceTree = "<group>"; };
		5E1B7D9C165F75D800ECEE23 /* background.png */ = {isa = PBXFileReference; lastKnownFileType = image.png; path = background.png; sourceTree = "<group>"; };
		5E1B7D9D165F75D800ECEE23 /* background1.png */ = {isa = PBXFileReference; lastKnownFileType = image.png; path = background1.png; sourceTree = "<group>"; };
		5E1B7D9E165F75D800ECEE23 /* blueArrow.png */ = {isa = PBXFileReference; lastKnownFileType = image.png; path = blueArrow.png; sourceTree = "<group>"; };
		5E1B7D9F165F75D800ECEE23 /* bottom_bar_background.png */ = {isa = PBXFileReference; lastKnownFileType = image.png; path = bottom_bar_background.png; sourceTree = "<group>"; };
		5E1B7DA0165F75D800ECEE23 /* bottom_bar_bg.png */ = {isa = PBXFileReference; lastKnownFileType = image.png; path = bottom_bar_bg.png; sourceTree = "<group>"; };
		5E1B7DA1165F75D800ECEE23 /* call_option.png */ = {isa = PBXFileReference; lastKnownFileType = image.png; path = call_option.png; sourceTree = "<group>"; };
		5E1B7DA2165F75D800ECEE23 /* camera.png */ = {isa = PBXFileReference; lastKnownFileType = image.png; path = camera.png; sourceTree = "<group>"; };
		5E1B7DA3165F75D800ECEE23 /* cancel_button_camera.png */ = {isa = PBXFileReference; lastKnownFileType = image.png; path = cancel_button_camera.png; sourceTree = "<group>"; };
		5E1B7DA4165F75D800ECEE23 /* cancel_button.png */ = {isa = PBXFileReference; lastKnownFileType = image.png; path = cancel_button.png; sourceTree = "<group>"; };
		5E1B7DA5165F75D800ECEE23 /* cancel_facetime_call_button.png */ = {isa = PBXFileReference; lastKnownFileType = image.png; path = cancel_facetime_call_button.png; sourceTree = "<group>"; };
		5E1B7DA6165F75D800ECEE23 /* cancel_inactive.png */ = {isa = PBXFileReference; lastKnownFileType = image.png; path = cancel_inactive.png; sourceTree = "<group>"; };
		5E1B7DA7165F75D800ECEE23 /* cancel_option.png */ = {isa = PBXFileReference; lastKnownFileType = image.png; path = cancel_option.png; sourceTree = "<group>"; };
		5E1B7DA8165F75D800ECEE23 /* cancel.png */ = {isa = PBXFileReference; lastKnownFileType = image.png; path = cancel.png; sourceTree = "<group>"; };
		5E1B7DA9165F75D800ECEE23 /* clear.png */ = {isa = PBXFileReference; lastKnownFileType = image.png; path = clear.png; sourceTree = "<group>"; };
		5E1B7DAA165F75D800ECEE23 /* compose_new.png */ = {isa = PBXFileReference; lastKnownFileType = image.png; path = compose_new.png; sourceTree = "<group>"; };
		5E1B7DAB165F75D800ECEE23 /* contacts_selected.png */ = {isa = PBXFileReference; lastKnownFileType = image.png; path = contacts_selected.png; sourceTree = "<group>"; };
		5E1B7DAC165F75D800ECEE23 /* contacts.png */ = {isa = PBXFileReference; lastKnownFileType = image.png; path = contacts.png; sourceTree = "<group>"; };
		5E1B7DAD165F75D800ECEE23 /* delete_button.png */ = {isa = PBXFileReference; lastKnownFileType = image.png; path = delete_button.png; sourceTree = "<group>"; };
		5E1B7DAE165F75D800ECEE23 /* dontsave_option.png */ = {isa = PBXFileReference; lastKnownFileType = image.png; path = dontsave_option.png; sourceTree = "<group>"; };
		5E1B7DB1165F75D800ECEE23 /* en */ = {isa = PBXFileReference; lastKnownFileType = text.plist.strings; name = en; path = InfoPlist.strings; sourceTree = "<group>"; };
		5E1B7DB2165F75D800ECEE23 /* end_facetime_call_button.png */ = {isa = PBXFileReference; lastKnownFileType = image.png; path = end_facetime_call_button.png; sourceTree = "<group>"; };
		5E1B7DB3165F75D800ECEE23 /* facetime_disabled_option.png */ = {isa = PBXFileReference; lastKnownFileType = image.png; path = facetime_disabled_option.png; sourceTree = "<group>"; };
		5E1B7DB4165F75D800ECEE23 /* facetime_option.png */ = {isa = PBXFileReference; lastKnownFileType = image.png; path = facetime_option.png; sourceTree = "<group>"; };
		5E1B7DB5165F75D800ECEE23 /* forward.png */ = {isa = PBXFileReference; lastKnownFileType = image.png; path = forward.png; sourceTree = "<group>"; };
		5E1B7DB6165F75D800ECEE23 /* geotag_uploaded.png */ = {isa = PBXFileReference; lastKnownFileType = image.png; path = geotag_uploaded.png; sourceTree = "<group>"; };
		5E1B7DB7165F75D800ECEE23 /* geotag.png */ = {isa = PBXFileReference; lastKnownFileType = image.png; path = geotag.png; sourceTree = "<group>"; };
		5E1B7DB8165F75D800ECEE23 /* groups_active.png */ = {isa = PBXFileReference; lastKnownFileType = image.png; path = groups_active.png; sourceTree = "<group>"; };
		5E1B7DB9165F75D800ECEE23 /* groups_inactive.png */ = {isa = PBXFileReference; lastKnownFileType = image.png; path = groups_inactive.png; sourceTree = "<group>"; };
		5E1B7DBA165F75D800ECEE23 /* i-phone-bg.png */ = {isa = PBXFileReference; lastKnownFileType = image.png; path = "i-phone-bg.png"; sourceTree = "<group>"; };
		5E1B7DBB165F75D800ECEE23 /* inbox_selected.png */ = {isa = PBXFileReference; lastKnownFileType = image.png; path = inbox_selected.png; sourceTree = "<group>"; };
		5E1B7DBC165F75D800ECEE23 /* iphone_bg6.png */ = {isa = PBXFileReference; lastKnownFileType = image.png; path = iphone_bg6.png; sourceTree = "<group>"; };
		5E1B7DBD165F75D800ECEE23 /* links_uploaded.png */ = {isa = PBXFileReference; lastKnownFileType = image.png; path = links_uploaded.png; sourceTree = "<group>"; };
		5E1B7DBE165F75D800ECEE23 /* links.png */ = {isa = PBXFileReference; lastKnownFileType = image.png; path = links.png; sourceTree = "<group>"; };
		5E1B7DBF165F75D800ECEE23 /* magnifying_glass.png */ = {isa = PBXFileReference; lastKnownFileType = image.png; path = magnifying_glass.png; sourceTree = "<group>"; };
		5E1B7DC0165F75D800ECEE23 /* message_single_bg_active.png */ = {isa = PBXFileReference; lastKnownFileType = image.png; path = message_single_bg_active.png; sourceTree = "<group>"; };
		5E1B7DC1165F75D800ECEE23 /* message_single_bg.png */ = {isa = PBXFileReference; lastKnownFileType = image.png; path = message_single_bg.png; sourceTree = "<group>"; };
		5E1B7DC2165F75D800ECEE23 /* more_selected.png */ = {isa = PBXFileReference; lastKnownFileType = image.png; path = more_selected.png; sourceTree = "<group>"; };
		5E1B7DC3165F75D800ECEE23 /* more.png */ = {isa = PBXFileReference; lastKnownFileType = image.png; path = more.png; sourceTree = "<group>"; };
		5E1B7DC4165F75D800ECEE23 /* notification_grey_bubble.png */ = {isa = PBXFileReference; lastKnownFileType = image.png; path = notification_grey_bubble.png; sourceTree = "<group>"; };
		5E1B7DC5165F75D800ECEE23 /* notification_red_bubble.png */ = {isa = PBXFileReference; lastKnownFileType = image.png; path = notification_red_bubble.png; sourceTree = "<group>"; };
		5E1B7DC6165F75D800ECEE23 /* openinsafari_option.png */ = {isa = PBXFileReference; lastKnownFileType = image.png; path = openinsafari_option.png; sourceTree = "<group>"; };
		5E1B7DC7165F75D800ECEE23 /* options_background.png */ = {isa = PBXFileReference; lastKnownFileType = image.png; path = options_background.png; sourceTree = "<group>"; };
		5E1B7DC8165F75D800ECEE23 /* outbox_selected.png */ = {isa = PBXFileReference; lastKnownFileType = image.png; path = outbox_selected.png; sourceTree = "<group>"; };
		5E1B7DC9165F75D800ECEE23 /* outbox.png */ = {isa = PBXFileReference; lastKnownFileType = image.png; path = outbox.png; sourceTree = "<group>"; };
		5E1B7DCA165F75D800ECEE23 /* pause.png */ = {isa = PBXFileReference; lastKnownFileType = image.png; path = pause.png; sourceTree = "<group>"; };
		5E1B7DCB165F75D800ECEE23 /* Placeholder.png */ = {isa = PBXFileReference; lastKnownFileType = image.png; path = Placeholder.png; sourceTree = "<group>"; };
		5E1B7DCC165F75D800ECEE23 /* play_button.png */ = {isa = PBXFileReference; lastKnownFileType = image.png; path = play_button.png; sourceTree = "<group>"; };
		5E1B7DCD165F75D800ECEE23 /* record_active.png */ = {isa = PBXFileReference; lastKnownFileType = image.png; path = record_active.png; sourceTree = "<group>"; };
		5E1B7DCE165F75D800ECEE23 /* record.png */ = {isa = PBXFileReference; lastKnownFileType = image.png; path = record.png; sourceTree = "<group>"; };
		5E1B7DCF165F75D800ECEE23 /* recording_timer_background.png */ = {isa = PBXFileReference; lastKnownFileType = image.png; path = recording_timer_background.png; sourceTree = "<group>"; };
		5E1B7DD0165F75D800ECEE23 /* refresh_down_arrow.png */ = {isa = PBXFileReference; lastKnownFileType = image.png; path = refresh_down_arrow.png; sourceTree = "<group>"; };
		5E1B7DD1165F75D800ECEE23 /* refresh_up_arrow.png */ = {isa = PBXFileReference; lastKnownFileType = image.png; path = refresh_up_arrow.png; sourceTree = "<group>"; };
		5E1B7DD2165F75D800ECEE23 /* reject.png */ = {isa = PBXFileReference; lastKnownFileType = image.png; path = reject.png; sourceTree = "<group>"; };
		5E1B7DD3165F75D800ECEE23 /* remove_button.png */ = {isa = PBXFileReference; lastKnownFileType = image.png; path = remove_button.png; sourceTree = "<group>"; };
		5E1B7DD4165F75D800ECEE23 /* reply.png */ = {isa = PBXFileReference; lastKnownFileType = image.png; path = reply.png; sourceTree = "<group>"; };
		5E1B7DD5165F75D800ECEE23 /* retake.png */ = {isa = PBXFileReference; lastKnownFileType = image.png; path = retake.png; sourceTree = "<group>"; };
		5E1B7DD6165F75D800ECEE23 /* save_option.png */ = {isa = PBXFileReference; lastKnownFileType = image.png; path = save_option.png; sourceTree = "<group>"; };
		5E1B7DD7165F75D800ECEE23 /* save.png */ = {isa = PBXFileReference; lastKnownFileType = image.png; path = save.png; sourceTree = "<group>"; };
		5E1B7DD8165F75D800ECEE23 /* search_cancel.png */ = {isa = PBXFileReference; lastKnownFileType = image.png; path = search_cancel.png; sourceTree = "<group>"; };
		5E1B7DD9165F75D800ECEE23 /* send_inactive.png */ = {isa = PBXFileReference; lastKnownFileType = image.png; path = send_inactive.png; sourceTree = "<group>"; };
		5E1B7DDA165F75D800ECEE23 /* send.png */ = {isa = PBXFileReference; lastKnownFileType = image.png; path = send.png; sourceTree = "<group>"; };
		5E1B7DDB165F75D800ECEE23 /* separator-line.png */ = {isa = PBXFileReference; lastKnownFileType = image.png; path = "separator-line.png"; sourceTree = "<group>"; };
		5E1B7DDC165F75D800ECEE23 /* settings_selected.png */ = {isa = PBXFileReference; lastKnownFileType = image.png; path = settings_selected.png; sourceTree = "<group>"; };
		5E1B7DDD165F75D800ECEE23 /* settings.png */ = {isa = PBXFileReference; lastKnownFileType = image.png; path = settings.png; sourceTree = "<group>"; };
		5E1B7DDE165F75D800ECEE23 /* signin.png */ = {isa = PBXFileReference; lastKnownFileType = image.png; path = signin.png; sourceTree = "<group>"; };
		5E1B7DDF165F75D800ECEE23 /* signup.png */ = {isa = PBXFileReference; lastKnownFileType = image.png; path = signup.png; sourceTree = "<group>"; };
		5E1B7DE0165F75D800ECEE23 /* swipe_options_bg.png */ = {isa = PBXFileReference; lastKnownFileType = image.png; path = swipe_options_bg.png; sourceTree = "<group>"; };
		5E1B7DE1165F75D800ECEE23 /* swipe_options_play.png */ = {isa = PBXFileReference; lastKnownFileType = image.png; path = swipe_options_play.png; sourceTree = "<group>"; };
		5E1B7DE2165F75D800ECEE23 /* swipe_options_reply.png */ = {isa = PBXFileReference; lastKnownFileType = image.png; path = swipe_options_reply.png; sourceTree = "<group>"; };
		5E1B7DE3165F75D800ECEE23 /* swipe_options_trash.png */ = {isa = PBXFileReference; lastKnownFileType = image.png; path = swipe_options_trash.png; sourceTree = "<group>"; };
		5E1B7DE4165F75D800ECEE23 /* swipe_options_user.png */ = {isa = PBXFileReference; lastKnownFileType = image.png; path = swipe_options_user.png; sourceTree = "<group>"; };
		5E1B7DE5165F75D800ECEE23 /* topbar.png */ = {isa = PBXFileReference; lastKnownFileType = image.png; path = topbar.png; sourceTree = "<group>"; };
		5E1B7DE6165F75D800ECEE23 /* trash_button_active.png */ = {isa = PBXFileReference; lastKnownFileType = image.png; path = trash_button_active.png; sourceTree = "<group>"; };
		5E1B7DE7165F75D800ECEE23 /* trash_button.png */ = {isa = PBXFileReference; lastKnownFileType = image.png; path = trash_button.png; sourceTree = "<group>"; };
		5E1B7DE8165F75D800ECEE23 /* unread.png */ = {isa = PBXFileReference; lastKnownFileType = image.png; path = unread.png; sourceTree = "<group>"; };
		5E1B7DE9165F75D800ECEE23 /* use.png */ = {isa = PBXFileReference; lastKnownFileType = image.png; path = use.png; sourceTree = "<group>"; };
		5E1B7DEA165F75D800ECEE23 /* video_message_uploaded.png */ = {isa = PBXFileReference; lastKnownFileType = image.png; path = video_message_uploaded.png; sourceTree = "<group>"; };
		5E1B7DEB165F75D800ECEE23 /* video_message.png */ = {isa = PBXFileReference; lastKnownFileType = image.png; path = video_message.png; sourceTree = "<group>"; };
		5E1B7DEC165F75D800ECEE23 /* videomail_option.png */ = {isa = PBXFileReference; lastKnownFileType = image.png; path = videomail_option.png; sourceTree = "<group>"; };
		5E1B7DED165F75D800ECEE23 /* wifi_active.png */ = {isa = PBXFileReference; lastKnownFileType = image.png; path = wifi_active.png; sourceTree = "<group>"; };
		5E1B7DEE165F75D800ECEE23 /* wifi_inactive.png */ = {isa = PBXFileReference; lastKnownFileType = image.png; path = wifi_inactive.png; sourceTree = "<group>"; };
		5E55A09715EE1158004A539A /* TWAGProtocols.h */ = {isa = PBXFileReference; fileEncoding = 4; lastKnownFileType = sourcecode.c.h; path = TWAGProtocols.h; sourceTree = "<group>"; };
		5E55A09815EE1158004A539A /* TWAGProtocols.m */ = {isa = PBXFileReference; fileEncoding = 4; lastKnownFileType = sourcecode.c.objc; path = TWAGProtocols.m; sourceTree = "<group>"; };
		5E55A09E15EF3397004A539A /* AddContactsViewController.h */ = {isa = PBXFileReference; fileEncoding = 4; lastKnownFileType = sourcecode.c.h; path = AddContactsViewController.h; sourceTree = "<group>"; };
		5E55A09F15EF3397004A539A /* AddContactsViewController.m */ = {isa = PBXFileReference; fileEncoding = 4; lastKnownFileType = sourcecode.c.objc; path = AddContactsViewController.m; sourceTree = "<group>"; };
		5E55A0A015EF3397004A539A /* AddContactsViewController.xib */ = {isa = PBXFileReference; fileEncoding = 4; lastKnownFileType = file.xib; path = AddContactsViewController.xib; sourceTree = "<group>"; };
		5E55A0A415EF637E004A539A /* AddContactCells.xib */ = {isa = PBXFileReference; fileEncoding = 4; lastKnownFileType = file.xib; path = AddContactCells.xib; sourceTree = "<group>"; };
		5E5E9E4515B700450067C5BC /* TWAGUIImageView.h */ = {isa = PBXFileReference; fileEncoding = 4; lastKnownFileType = sourcecode.c.h; path = TWAGUIImageView.h; sourceTree = "<group>"; };
		5E5E9E4615B700450067C5BC /* TWAGUIImageView.m */ = {isa = PBXFileReference; fileEncoding = 4; lastKnownFileType = sourcecode.c.objc; path = TWAGUIImageView.m; sourceTree = "<group>"; };
		5E5E9E4915B814C50067C5BC /* TWAGPlayerViewController.h */ = {isa = PBXFileReference; fileEncoding = 4; lastKnownFileType = sourcecode.c.h; path = TWAGPlayerViewController.h; sourceTree = "<group>"; };
		5E5E9E4A15B814C50067C5BC /* TWAGPlayerViewController.m */ = {isa = PBXFileReference; fileEncoding = 4; lastKnownFileType = sourcecode.c.objc; path = TWAGPlayerViewController.m; sourceTree = "<group>"; };
		5E5E9E4B15B814C50067C5BC /* TWAGPlayerViewController.xib */ = {isa = PBXFileReference; fileEncoding = 4; lastKnownFileType = file.xib; path = TWAGPlayerViewController.xib; sourceTree = "<group>"; };
		5E5E9E5215B819520067C5BC /* MediaPlayer.framework */ = {isa = PBXFileReference; lastKnownFileType = wrapper.framework; name = MediaPlayer.framework; path = System/Library/Frameworks/MediaPlayer.framework; sourceTree = SDKROOT; };
		5E5E9E6215B874790067C5BC /* settings.plist */ = {isa = PBXFileReference; fileEncoding = 4; lastKnownFileType = text.plist.xml; path = settings.plist; sourceTree = "<group>"; };
		5E5E9E6415B87C5C0067C5BC /* TWAGConstants.h */ = {isa = PBXFileReference; fileEncoding = 4; lastKnownFileType = sourcecode.c.h; path = TWAGConstants.h; sourceTree = "<group>"; };
		5E5E9E6515B87C5C0067C5BC /* TWAGConstants.m */ = {isa = PBXFileReference; fileEncoding = 4; lastKnownFileType = sourcecode.c.objc; path = TWAGConstants.m; sourceTree = "<group>"; };
		5E5E9EA715B940570067C5BC /* Security.framework */ = {isa = PBXFileReference; lastKnownFileType = wrapper.framework; name = Security.framework; path = System/Library/Frameworks/Security.framework; sourceTree = SDKROOT; };
		5E5E9EE615BAC2B00067C5BC /* ComposeScreenCells.xib */ = {isa = PBXFileReference; fileEncoding = 4; lastKnownFileType = file.xib; path = ComposeScreenCells.xib; sourceTree = "<group>"; };
		5E5E9EEE15BB2F8F0067C5BC /* TWAGRecordingViewController.h */ = {isa = PBXFileReference; fileEncoding = 4; lastKnownFileType = sourcecode.c.h; path = TWAGRecordingViewController.h; sourceTree = "<group>"; };
		5E5E9EEF15BB2F8F0067C5BC /* TWAGRecordingViewController.m */ = {isa = PBXFileReference; fileEncoding = 4; lastKnownFileType = sourcecode.c.objc; path = TWAGRecordingViewController.m; sourceTree = "<group>"; };
		5E5E9EF015BB2F8F0067C5BC /* TWAGRecordingViewController.xib */ = {isa = PBXFileReference; fileEncoding = 4; lastKnownFileType = file.xib; path = TWAGRecordingViewController.xib; sourceTree = "<group>"; };
		5E7B935C15AED35700D415A1 /* VlipperIphoneClient.app */ = {isa = PBXFileReference; explicitFileType = wrapper.application; includeInIndex = 0; path = VlipperIphoneClient.app; sourceTree = BUILT_PRODUCTS_DIR; };
		5E7B936015AED35700D415A1 /* UIKit.framework */ = {isa = PBXFileReference; lastKnownFileType = wrapper.framework; name = UIKit.framework; path = System/Library/Frameworks/UIKit.framework; sourceTree = SDKROOT; };
		5E7B936215AED35700D415A1 /* Foundation.framework */ = {isa = PBXFileReference; lastKnownFileType = wrapper.framework; name = Foundation.framework; path = System/Library/Frameworks/Foundation.framework; sourceTree = SDKROOT; };
		5E7B936415AED35700D415A1 /* CoreGraphics.framework */ = {isa = PBXFileReference; lastKnownFileType = wrapper.framework; name = CoreGraphics.framework; path = System/Library/Frameworks/CoreGraphics.framework; sourceTree = SDKROOT; };
		5E7B936815AED35700D415A1 /* VlipperIphoneClient-Info.plist */ = {isa = PBXFileReference; lastKnownFileType = text.plist.xml; path = "VlipperIphoneClient-Info.plist"; sourceTree = "<group>"; };
		5E7B936A15AED35700D415A1 /* en */ = {isa = PBXFileReference; lastKnownFileType = text.plist.strings; name = en; path = en.lproj/InfoPlist.strings; sourceTree = "<group>"; };
		5E7B936C15AED35700D415A1 /* main.m */ = {isa = PBXFileReference; lastKnownFileType = sourcecode.c.objc; path = main.m; sourceTree = "<group>"; };
		5E7B936E15AED35700D415A1 /* VlipperIphoneClient-Prefix.pch */ = {isa = PBXFileReference; lastKnownFileType = sourcecode.c.h; path = "VlipperIphoneClient-Prefix.pch"; sourceTree = "<group>"; };
		5E7B936F15AED35700D415A1 /* TWAGAppDelegate.h */ = {isa = PBXFileReference; lastKnownFileType = sourcecode.c.h; path = TWAGAppDelegate.h; sourceTree = "<group>"; };
		5E7B937015AED35700D415A1 /* TWAGAppDelegate.m */ = {isa = PBXFileReference; lastKnownFileType = sourcecode.c.objc; path = TWAGAppDelegate.m; sourceTree = "<group>"; };
		5E83F32615C92EFC00CB2C81 /* SwipedTableCell.h */ = {isa = PBXFileReference; fileEncoding = 4; lastKnownFileType = sourcecode.c.h; path = SwipedTableCell.h; sourceTree = "<group>"; };
		5E83F32715C92EFC00CB2C81 /* SwipedTableCell.m */ = {isa = PBXFileReference; fileEncoding = 4; lastKnownFileType = sourcecode.c.objc; path = SwipedTableCell.m; sourceTree = "<group>"; };
		5E83F36C15DD0A3E00CB2C81 /* LoadingViewController.h */ = {isa = PBXFileReference; fileEncoding = 4; lastKnownFileType = sourcecode.c.h; path = LoadingViewController.h; sourceTree = "<group>"; };
		5E83F36D15DD0A3E00CB2C81 /* LoadingViewController.m */ = {isa = PBXFileReference; fileEncoding = 4; lastKnownFileType = sourcecode.c.objc; path = LoadingViewController.m; sourceTree = "<group>"; };
		5E83F36E15DD0A3E00CB2C81 /* LoadingViewController.xib */ = {isa = PBXFileReference; fileEncoding = 4; lastKnownFileType = file.xib; path = LoadingViewController.xib; sourceTree = "<group>"; };
		5E93A6BF15EBA30B00FB3E36 /* AutoCompleteDelegate.h */ = {isa = PBXFileReference; fileEncoding = 4; lastKnownFileType = sourcecode.c.h; path = AutoCompleteDelegate.h; sourceTree = "<group>"; };
		5E93A6C015EBA30B00FB3E36 /* AutoCompleteDelegate.m */ = {isa = PBXFileReference; fileEncoding = 4; lastKnownFileType = sourcecode.c.objc; path = AutoCompleteDelegate.m; sourceTree = "<group>"; };
		5E93A6C315EBA65100FB3E36 /* AutoCompleteTableView.h */ = {isa = PBXFileReference; fileEncoding = 4; lastKnownFileType = sourcecode.c.h; path = AutoCompleteTableView.h; sourceTree = "<group>"; };
		5E93A6C415EBA65100FB3E36 /* AutoCompleteTableView.m */ = {isa = PBXFileReference; fileEncoding = 4; lastKnownFileType = sourcecode.c.objc; path = AutoCompleteTableView.m; sourceTree = "<group>"; };
		5E998DE415F1F42E001FFFE1 /* ContactTableCell.h */ = {isa = PBXFileReference; fileEncoding = 4; lastKnownFileType = sourcecode.c.h; path = ContactTableCell.h; sourceTree = "<group>"; };
		5E998DE515F1F42E001FFFE1 /* ContactTableCell.m */ = {isa = PBXFileReference; fileEncoding = 4; lastKnownFileType = sourcecode.c.objc; path = ContactTableCell.m; sourceTree = "<group>"; };
		5E998DF415F222F7001FFFE1 /* UILazyImageView.h */ = {isa = PBXFileReference; fileEncoding = 4; lastKnownFileType = sourcecode.c.h; path = UILazyImageView.h; sourceTree = "<group>"; };
		5E998DF515F222F7001FFFE1 /* UILazyImageView.m */ = {isa = PBXFileReference; fileEncoding = 4; lastKnownFileType = sourcecode.c.objc; path = UILazyImageView.m; sourceTree = "<group>"; };
		5E998DFB15F2359F001FFFE1 /* IconDownloader.h */ = {isa = PBXFileReference; fileEncoding = 4; lastKnownFileType = sourcecode.c.h; path = IconDownloader.h; sourceTree = "<group>"; };
		5E998DFC15F2359F001FFFE1 /* IconDownloader.m */ = {isa = PBXFileReference; fileEncoding = 4; lastKnownFileType = sourcecode.c.objc; path = IconDownloader.m; sourceTree = "<group>"; };
		5E998E0115F2374B001FFFE1 /* ProfileRecord.h */ = {isa = PBXFileReference; fileEncoding = 4; lastKnownFileType = sourcecode.c.h; path = ProfileRecord.h; sourceTree = "<group>"; };
		5E998E0215F2374B001FFFE1 /* ProfileRecord.m */ = {isa = PBXFileReference; fileEncoding = 4; lastKnownFileType = sourcecode.c.objc; path = ProfileRecord.m; sourceTree = "<group>"; };
		5E998E0615F4BA26001FFFE1 /* ViewContactRequestsViewController.h */ = {isa = PBXFileReference; fileEncoding = 4; lastKnownFileType = sourcecode.c.h; path = ViewContactRequestsViewController.h; sourceTree = "<group>"; };
		5E998E0715F4BA27001FFFE1 /* ViewContactRequestsViewController.m */ = {isa = PBXFileReference; fileEncoding = 4; lastKnownFileType = sourcecode.c.objc; path = ViewContactRequestsViewController.m; sourceTree = "<group>"; };
		5E998E0815F4BA27001FFFE1 /* ViewContactRequestsViewController.xib */ = {isa = PBXFileReference; fileEncoding = 4; lastKnownFileType = file.xib; path = ViewContactRequestsViewController.xib; sourceTree = "<group>"; };
		5E998E0B15F4CF95001FFFE1 /* ContactViewController.h */ = {isa = PBXFileReference; fileEncoding = 4; lastKnownFileType = sourcecode.c.h; path = ContactViewController.h; sourceTree = "<group>"; };
		5E998E0C15F4CF96001FFFE1 /* ContactViewController.m */ = {isa = PBXFileReference; fileEncoding = 4; lastKnownFileType = sourcecode.c.objc; path = ContactViewController.m; sourceTree = "<group>"; };
		5E998E0D15F4CF97001FFFE1 /* ContactViewController.xib */ = {isa = PBXFileReference; fileEncoding = 4; lastKnownFileType = file.xib; path = ContactViewController.xib; sourceTree = "<group>"; };
		5E998E2615F8A215001FFFE1 /* ProfileViewController.h */ = {isa = PBXFileReference; fileEncoding = 4; lastKnownFileType = sourcecode.c.h; path = ProfileViewController.h; sourceTree = "<group>"; };
		5E998E2715F8A215001FFFE1 /* ProfileViewController.m */ = {isa = PBXFileReference; fileEncoding = 4; lastKnownFileType = sourcecode.c.objc; path = ProfileViewController.m; sourceTree = "<group>"; };
		5E998E2815F8A215001FFFE1 /* ProfileViewController.xib */ = {isa = PBXFileReference; fileEncoding = 4; lastKnownFileType = file.xib; path = ProfileViewController.xib; sourceTree = "<group>"; };
		5EA59DF615BEEDA5009CC0BE /* TWAGSigninViewController.h */ = {isa = PBXFileReference; fileEncoding = 4; lastKnownFileType = sourcecode.c.h; path = TWAGSigninViewController.h; sourceTree = "<group>"; };
		5EA59DF715BEEDA5009CC0BE /* TWAGSigninViewController.m */ = {isa = PBXFileReference; fileEncoding = 4; lastKnownFileType = sourcecode.c.objc; path = TWAGSigninViewController.m; sourceTree = "<group>"; };
		5EA59DF815BEEDA5009CC0BE /* TWAGSigninViewController.xib */ = {isa = PBXFileReference; fileEncoding = 4; lastKnownFileType = file.xib; path = TWAGSigninViewController.xib; sourceTree = "<group>"; };
		5EA59E1815C15983009CC0BE /* QuartzCore.framework */ = {isa = PBXFileReference; lastKnownFileType = wrapper.framework; name = QuartzCore.framework; path = System/Library/Frameworks/QuartzCore.framework; sourceTree = SDKROOT; };
		5EA59F7915C2D52D009CC0BE /* PullRefreshTableView.h */ = {isa = PBXFileReference; fileEncoding = 4; lastKnownFileType = sourcecode.c.h; path = PullRefreshTableView.h; sourceTree = "<group>"; };
		5EA59F7A15C2D52D009CC0BE /* PullRefreshTableView.m */ = {isa = PBXFileReference; fileEncoding = 4; lastKnownFileType = sourcecode.c.objc; path = PullRefreshTableView.m; sourceTree = "<group>"; };
		5EAC377915BD2FEE005DDD96 /* MobileCoreServices.framework */ = {isa = PBXFileReference; lastKnownFileType = wrapper.framework; name = MobileCoreServices.framework; path = System/Library/Frameworks/MobileCoreServices.framework; sourceTree = SDKROOT; };
		5EAC377D15BD689A005DDD96 /* TWAGPlayAfterRecordViewController.h */ = {isa = PBXFileReference; fileEncoding = 4; lastKnownFileType = sourcecode.c.h; path = TWAGPlayAfterRecordViewController.h; sourceTree = "<group>"; };
		5EAC377E15BD689A005DDD96 /* TWAGPlayAfterRecordViewController.m */ = {isa = PBXFileReference; fileEncoding = 4; lastKnownFileType = sourcecode.c.objc; path = TWAGPlayAfterRecordViewController.m; sourceTree = "<group>"; };
		5EAC377F15BD689A005DDD96 /* TWAGPlayAfterRecordViewController.xib */ = {isa = PBXFileReference; fileEncoding = 4; lastKnownFileType = file.xib; path = TWAGPlayAfterRecordViewController.xib; sourceTree = "<group>"; };
/* End PBXFileReference section */

/* Begin PBXFrameworksBuildPhase section */
		5E7B935915AED35700D415A1 /* Frameworks */ = {
			isa = PBXFrameworksBuildPhase;
			buildActionMask = 2147483647;
			files = (
				5EA59E1A15C159B4009CC0BE /* QuartzCore.framework in Frameworks */,
				5EAC377C15BD3088005DDD96 /* MobileCoreServices.framework in Frameworks */,
				5E5E9EA815B940570067C5BC /* Security.framework in Frameworks */,
				5E5E9E5315B819520067C5BC /* MediaPlayer.framework in Frameworks */,
				5E7B936115AED35700D415A1 /* UIKit.framework in Frameworks */,
				5E7B936315AED35700D415A1 /* Foundation.framework in Frameworks */,
				5E7B936515AED35700D415A1 /* CoreGraphics.framework in Frameworks */,
			);
			runOnlyForDeploymentPostprocessing = 0;
		};
/* End PBXFrameworksBuildPhase section */

/* Begin PBXGroup section */
		5E0720D615B02536000AFD58 /* img */ = {
			isa = PBXGroup;
			children = (
				5E1B7D91165F75D800ECEE23 /* 2012-10-25 19.02.37.png */,
				5E1B7D92165F75D800ECEE23 /* accept_facetime_call_button.png */,
				5E1B7D93165F75D800ECEE23 /* accept.png */,
				5E1B7D94165F75D800ECEE23 /* add_active.png */,
				5E1B7D95165F75D800ECEE23 /* add_button.png */,
				5E1B7D96165F75D800ECEE23 /* add_inactive.png */,
				5E1B7D97165F75D800ECEE23 /* alphabet_list_contacts.png */,
				5E1B7D98165F75D800ECEE23 /* attachment_off.png */,
				5E1B7D99165F75D800ECEE23 /* attachment_on.png */,
				5E1B7D9A165F75D800ECEE23 /* back_button_bottom_bar.png */,
				5E1B7D9B165F75D800ECEE23 /* back_button.png */,
				5E1B7D9C165F75D800ECEE23 /* background.png */,
				5E1B7D9D165F75D800ECEE23 /* background1.png */,
				5E1B7D9E165F75D800ECEE23 /* blueArrow.png */,
				5E1B7D9F165F75D800ECEE23 /* bottom_bar_background.png */,
				5E1B7DA0165F75D800ECEE23 /* bottom_bar_bg.png */,
				5E1B7DA1165F75D800ECEE23 /* call_option.png */,
				5E1B7DA2165F75D800ECEE23 /* camera.png */,
				5E1B7DA3165F75D800ECEE23 /* cancel_button_camera.png */,
				5E1B7DA4165F75D800ECEE23 /* cancel_button.png */,
				5E1B7DA5165F75D800ECEE23 /* cancel_facetime_call_button.png */,
				5E1B7DA6165F75D800ECEE23 /* cancel_inactive.png */,
				5E1B7DA7165F75D800ECEE23 /* cancel_option.png */,
				5E1B7DA8165F75D800ECEE23 /* cancel.png */,
				5E1B7DA9165F75D800ECEE23 /* clear.png */,
				5E1B7DAA165F75D800ECEE23 /* compose_new.png */,
				5E1B7DAB165F75D800ECEE23 /* contacts_selected.png */,
				5E1B7DAC165F75D800ECEE23 /* contacts.png */,
				5E1B7DAD165F75D800ECEE23 /* delete_button.png */,
				5E1B7DAE165F75D800ECEE23 /* dontsave_option.png */,
				5E1B7DAF165F75D800ECEE23 /* en.lproj */,
				5E1B7DB2165F75D800ECEE23 /* end_facetime_call_button.png */,
				5E1B7DB3165F75D800ECEE23 /* facetime_disabled_option.png */,
				5E1B7DB4165F75D800ECEE23 /* facetime_option.png */,
				5E1B7DB5165F75D800ECEE23 /* forward.png */,
				5E1B7DB6165F75D800ECEE23 /* geotag_uploaded.png */,
				5E1B7DB7165F75D800ECEE23 /* geotag.png */,
				5E1B7DB8165F75D800ECEE23 /* groups_active.png */,
				5E1B7DB9165F75D800ECEE23 /* groups_inactive.png */,
				5E1B7DBA165F75D800ECEE23 /* i-phone-bg.png */,
				5E1B7DBB165F75D800ECEE23 /* inbox_selected.png */,
				5E1B7DBC165F75D800ECEE23 /* iphone_bg6.png */,
				5E1B7DBD165F75D800ECEE23 /* links_uploaded.png */,
				5E1B7DBE165F75D800ECEE23 /* links.png */,
				5E1B7DBF165F75D800ECEE23 /* magnifying_glass.png */,
				5E1B7DC0165F75D800ECEE23 /* message_single_bg_active.png */,
				5E1B7DC1165F75D800ECEE23 /* message_single_bg.png */,
				5E1B7DC2165F75D800ECEE23 /* more_selected.png */,
				5E1B7DC3165F75D800ECEE23 /* more.png */,
				5E1B7DC4165F75D800ECEE23 /* notification_grey_bubble.png */,
				5E1B7DC5165F75D800ECEE23 /* notification_red_bubble.png */,
				5E1B7DC6165F75D800ECEE23 /* openinsafari_option.png */,
				5E1B7DC7165F75D800ECEE23 /* options_background.png */,
				5E1B7DC8165F75D800ECEE23 /* outbox_selected.png */,
				5E1B7DC9165F75D800ECEE23 /* outbox.png */,
				5E1B7DCA165F75D800ECEE23 /* pause.png */,
				5E1B7DCB165F75D800ECEE23 /* Placeholder.png */,
				5E1B7DCC165F75D800ECEE23 /* play_button.png */,
				5E1B7DCD165F75D800ECEE23 /* record_active.png */,
				5E1B7DCE165F75D800ECEE23 /* record.png */,
				5E1B7DCF165F75D800ECEE23 /* recording_timer_background.png */,
				5E1B7DD0165F75D800ECEE23 /* refresh_down_arrow.png */,
				5E1B7DD1165F75D800ECEE23 /* refresh_up_arrow.png */,
				5E1B7DD2165F75D800ECEE23 /* reject.png */,
				5E1B7DD3165F75D800ECEE23 /* remove_button.png */,
				5E1B7DD4165F75D800ECEE23 /* reply.png */,
				5E1B7DD5165F75D800ECEE23 /* retake.png */,
				5E1B7DD6165F75D800ECEE23 /* save_option.png */,
				5E1B7DD7165F75D800ECEE23 /* save.png */,
				5E1B7DD8165F75D800ECEE23 /* search_cancel.png */,
				5E1B7DD9165F75D800ECEE23 /* send_inactive.png */,
				5E1B7DDA165F75D800ECEE23 /* send.png */,
				5E1B7DDB165F75D800ECEE23 /* separator-line.png */,
				5E1B7DDC165F75D800ECEE23 /* settings_selected.png */,
				5E1B7DDD165F75D800ECEE23 /* settings.png */,
				5E1B7DDE165F75D800ECEE23 /* signin.png */,
				5E1B7DDF165F75D800ECEE23 /* signup.png */,
				5E1B7DE0165F75D800ECEE23 /* swipe_options_bg.png */,
				5E1B7DE1165F75D800ECEE23 /* swipe_options_play.png */,
				5E1B7DE2165F75D800ECEE23 /* swipe_options_reply.png */,
				5E1B7DE3165F75D800ECEE23 /* swipe_options_trash.png */,
				5E1B7DE4165F75D800ECEE23 /* swipe_options_user.png */,
				5E1B7DE5165F75D800ECEE23 /* topbar.png */,
				5E1B7DE6165F75D800ECEE23 /* trash_button_active.png */,
				5E1B7DE7165F75D800ECEE23 /* trash_button.png */,
				5E1B7DE8165F75D800ECEE23 /* unread.png */,
				5E1B7DE9165F75D800ECEE23 /* use.png */,
				5E1B7DEA165F75D800ECEE23 /* video_message_uploaded.png */,
				5E1B7DEB165F75D800ECEE23 /* video_message.png */,
				5E1B7DEC165F75D800ECEE23 /* videomail_option.png */,
				5E1B7DED165F75D800ECEE23 /* wifi_active.png */,
				5E1B7DEE165F75D800ECEE23 /* wifi_inactive.png */,
			);
			name = img;
			sourceTree = "<group>";
		};
		5E0720FB15B0345A000AFD58 /* sign */ = {
			isa = PBXGroup;
			children = (
				5E0720FC15B03493000AFD58 /* TWAGSignupViewController.h */,
				5E0720FD15B03493000AFD58 /* TWAGSignupViewController.m */,
				5E0720FE15B03493000AFD58 /* TWAGSignupViewController.xib */,
				5E07210D15B19C27000AFD58 /* Cells.xib */,
				5E07211215B41B20000AFD58 /* TWAGSignupInProgressViewController.h */,
				5E07211315B41B20000AFD58 /* TWAGSignupInProgressViewController.m */,
				5E07211415B41B20000AFD58 /* TWAGSignupInProgressViewController.xib */,
				5EA59DF615BEEDA5009CC0BE /* TWAGSigninViewController.h */,
				5EA59DF715BEEDA5009CC0BE /* TWAGSigninViewController.m */,
				5EA59DF815BEEDA5009CC0BE /* TWAGSigninViewController.xib */,
			);
			name = sign;
			sourceTree = "<group>";
		};
		5E07214A15B68E48000AFD58 /* contacts */ = {
			isa = PBXGroup;
			children = (
				5E07214015B68E19000AFD58 /* TWAGContactsViewController.h */,
				5E07214115B68E19000AFD58 /* TWAGContactsViewController.m */,
				5E07214215B68E1A000AFD58 /* TWAGContactsViewController.xib */,
				5E55A09E15EF3397004A539A /* AddContactsViewController.h */,
				5E55A09F15EF3397004A539A /* AddContactsViewController.m */,
				5E55A0A015EF3397004A539A /* AddContactsViewController.xib */,
				5E55A0A415EF637E004A539A /* AddContactCells.xib */,
				5E998DE415F1F42E001FFFE1 /* ContactTableCell.h */,
				5E998DE515F1F42E001FFFE1 /* ContactTableCell.m */,
				5E998E0615F4BA26001FFFE1 /* ViewContactRequestsViewController.h */,
				5E998E0715F4BA27001FFFE1 /* ViewContactRequestsViewController.m */,
				5E998E0815F4BA27001FFFE1 /* ViewContactRequestsViewController.xib */,
				5E998E0B15F4CF95001FFFE1 /* ContactViewController.h */,
				5E998E0C15F4CF96001FFFE1 /* ContactViewController.m */,
				5E998E0D15F4CF97001FFFE1 /* ContactViewController.xib */,
			);
			name = contacts;
			sourceTree = "<group>";
		};
		5E07214B15B68E50000AFD58 /* more */ = {
			isa = PBXGroup;
			children = (
				5E07214515B68E2D000AFD58 /* TWAGMoreViewController.h */,
				5E07214615B68E2E000AFD58 /* TWAGMoreViewController.m */,
				5E07214715B68E2E000AFD58 /* TWAGMoreViewController.xib */,
				5E998E2615F8A215001FFFE1 /* ProfileViewController.h */,
				5E998E2715F8A215001FFFE1 /* ProfileViewController.m */,
				5E998E2815F8A215001FFFE1 /* ProfileViewController.xib */,
				5E0346B0160C8CE90093E91C /* ViewProfileTableCell.xib */,
				5E0346BA160C953E0093E91C /* AboutMeViewCell.h */,
				5E0346BB160C953E0093E91C /* AboutMeViewCell.m */,
				5E0346BD160C95E90093E91C /* LocationCell.h */,
				5E0346BE160C95E90093E91C /* LocationCell.m */,
				5E0346C0160C95FD0093E91C /* WebCell.h */,
				5E0346C1160C95FD0093E91C /* WebCell.m */,
				5E0346C8160DA72C0093E91C /* ProfileEditController.h */,
				5E0346C9160DA72D0093E91C /* ProfileEditController.m */,
				5E0346CA160DA72D0093E91C /* ProfileEditController.xib */,
				5E0346CD160DADD40093E91C /* AboutMeEditCell.h */,
				5E0346CE160DADD50093E91C /* AboutMeEditCell.m */,
				5E0346D0160DADEA0093E91C /* NameCell.h */,
				5E0346D1160DADEA0093E91C /* NameCell.m */,
				5E0346D8160DC4A80093E91C /* EditFieldViewController.h */,
				5E0346D9160DC4A80093E91C /* EditFieldViewController.m */,
				5E0346DA160DC4A90093E91C /* EditFieldViewController.xib */,
				5E0346DD160DD3590093E91C /* EditFieldCell.h */,
				5E0346DE160DD35A0093E91C /* EditFieldCell.m */,
				5E0346E016106B410093E91C /* ProfileImageCell.h */,
				5E0346E116106B420093E91C /* ProfileImageCell.m */,
			);
			name = more;
			sourceTree = "<group>";
		};
		5E07214C15B69181000AFD58 /* sent */ = {
			isa = PBXGroup;
			children = (
				5E07213115B53ED8000AFD58 /* TWAGSentViewController.h */,
				5E07213215B53ED8000AFD58 /* TWAGSentViewController.m */,
				5E07213315B53ED8000AFD58 /* TWAGSentViewController.xib */,
			);
			name = sent;
			sourceTree = "<group>";
		};
		5E07214D15B691B2000AFD58 /* inbox */ = {
			isa = PBXGroup;
			children = (
				5E07212215B52DBB000AFD58 /* TWAGInboxViewController.h */,
				5E07212315B52DBB000AFD58 /* TWAGInboxViewController.m */,
				5E07212415B52DBB000AFD58 /* TWAGInboxViewController.xib */,
			);
			name = inbox;
			sourceTree = "<group>";
		};
		5E07214E15B692B7000AFD58 /* common */ = {
			isa = PBXGroup;
			children = (
				5EA59F7915C2D52D009CC0BE /* PullRefreshTableView.h */,
				5EA59F7A15C2D52D009CC0BE /* PullRefreshTableView.m */,
				5E07213B15B58B4E000AFD58 /* MailTableCell.h */,
				5E07213C15B58B4E000AFD58 /* MailTableCell.m */,
				5E07213E15B58D2A000AFD58 /* MailTableCell.xib */,
				5E5E9E4515B700450067C5BC /* TWAGUIImageView.h */,
				5E5E9E4615B700450067C5BC /* TWAGUIImageView.m */,
				5E5E9E6415B87C5C0067C5BC /* TWAGConstants.h */,
				5E5E9E6515B87C5C0067C5BC /* TWAGConstants.m */,
				5E83F32615C92EFC00CB2C81 /* SwipedTableCell.h */,
				5E83F32715C92EFC00CB2C81 /* SwipedTableCell.m */,
				5E55A09715EE1158004A539A /* TWAGProtocols.h */,
				5E55A09815EE1158004A539A /* TWAGProtocols.m */,
				5E998DF415F222F7001FFFE1 /* UILazyImageView.h */,
				5E998DF515F222F7001FFFE1 /* UILazyImageView.m */,
				5E998DFB15F2359F001FFFE1 /* IconDownloader.h */,
				5E998DFC15F2359F001FFFE1 /* IconDownloader.m */,
				5E998E0115F2374B001FFFE1 /* ProfileRecord.h */,
				5E998E0215F2374B001FFFE1 /* ProfileRecord.m */,
			);
			name = common;
			sourceTree = "<group>";
		};
		5E07214F15B69958000AFD58 /* launch */ = {
			isa = PBXGroup;
			children = (
				5E0720D115B02357000AFD58 /* LaunchViewController.h */,
				5E0720D215B02357000AFD58 /* LaunchViewController.m */,
				5E0720D315B02357000AFD58 /* LaunchViewController.xib */,
			);
			name = launch;
			sourceTree = "<group>";
		};
		5E07215015B69F03000AFD58 /* compose */ = {
			isa = PBXGroup;
			children = (
				5E07215115B69F1A000AFD58 /* TWAGComoseViewController.h */,
				5E07215215B69F1A000AFD58 /* TWAGComoseViewController.m */,
				5E07215315B69F1A000AFD58 /* TWAGComoseViewController.xib */,
				5E5E9EE615BAC2B00067C5BC /* ComposeScreenCells.xib */,
				5E93A6BF15EBA30B00FB3E36 /* AutoCompleteDelegate.h */,
				5E93A6C015EBA30B00FB3E36 /* AutoCompleteDelegate.m */,
				5E93A6C315EBA65100FB3E36 /* AutoCompleteTableView.h */,
				5E93A6C415EBA65100FB3E36 /* AutoCompleteTableView.m */,
			);
			name = compose;
			sourceTree = "<group>";
		};
		5E1B7DAF165F75D800ECEE23 /* en.lproj */ = {
			isa = PBXGroup;
			children = (
				5E1B7DB0165F75D800ECEE23 /* InfoPlist.strings */,
			);
			path = en.lproj;
			sourceTree = "<group>";
		};
		5E5E9E4815B814A30067C5BC /* player */ = {
			isa = PBXGroup;
			children = (
				5E5E9E4915B814C50067C5BC /* TWAGPlayerViewController.h */,
				5E5E9E4A15B814C50067C5BC /* TWAGPlayerViewController.m */,
				5E5E9E4B15B814C50067C5BC /* TWAGPlayerViewController.xib */,
			);
			name = player;
			sourceTree = "<group>";
		};
		5E5E9EEC15BB2F520067C5BC /* record */ = {
			isa = PBXGroup;
			children = (
				5E5E9EEE15BB2F8F0067C5BC /* TWAGRecordingViewController.h */,
				5E5E9EEF15BB2F8F0067C5BC /* TWAGRecordingViewController.m */,
				5E5E9EF015BB2F8F0067C5BC /* TWAGRecordingViewController.xib */,
				5EAC377D15BD689A005DDD96 /* TWAGPlayAfterRecordViewController.h */,
				5EAC377E15BD689A005DDD96 /* TWAGPlayAfterRecordViewController.m */,
				5EAC377F15BD689A005DDD96 /* TWAGPlayAfterRecordViewController.xib */,
			);
			name = record;
			sourceTree = "<group>";
		};
		5E7B935115AED35700D415A1 = {
			isa = PBXGroup;
			children = (
				5E7B936615AED35700D415A1 /* VlipperIphoneClient */,
				5E7B935F15AED35700D415A1 /* Frameworks */,
				5E7B935D15AED35700D415A1 /* Products */,
			);
			sourceTree = "<group>";
		};
		5E7B935D15AED35700D415A1 /* Products */ = {
			isa = PBXGroup;
			children = (
				5E7B935C15AED35700D415A1 /* VlipperIphoneClient.app */,
			);
			name = Products;
			sourceTree = "<group>";
		};
		5E7B935F15AED35700D415A1 /* Frameworks */ = {
			isa = PBXGroup;
			children = (
				5EA59E1815C15983009CC0BE /* QuartzCore.framework */,
				5EAC377915BD2FEE005DDD96 /* MobileCoreServices.framework */,
				5E5E9EA715B940570067C5BC /* Security.framework */,
				5E5E9E5215B819520067C5BC /* MediaPlayer.framework */,
				5E7B936015AED35700D415A1 /* UIKit.framework */,
				5E7B936215AED35700D415A1 /* Foundation.framework */,
				5E7B936415AED35700D415A1 /* CoreGraphics.framework */,
			);
			name = Frameworks;
			sourceTree = "<group>";
		};
		5E7B936615AED35700D415A1 /* VlipperIphoneClient */ = {
			isa = PBXGroup;
			children = (
				5E83F36A15DD0A0100CB2C81 /* loading */,
				5E5E9EEC15BB2F520067C5BC /* record */,
				5E5E9E4815B814A30067C5BC /* player */,
				5E07215015B69F03000AFD58 /* compose */,
				5E07214F15B69958000AFD58 /* launch */,
				5E07214E15B692B7000AFD58 /* common */,
				5E07214D15B691B2000AFD58 /* inbox */,
				5E07214C15B69181000AFD58 /* sent */,
				5E07214B15B68E50000AFD58 /* more */,
				5E07214A15B68E48000AFD58 /* contacts */,
				5E0720FB15B0345A000AFD58 /* sign */,
				5E7B936F15AED35700D415A1 /* TWAGAppDelegate.h */,
				5E7B937015AED35700D415A1 /* TWAGAppDelegate.m */,
				5E7B936715AED35700D415A1 /* Supporting Files */,
				5E5E9E6215B874790067C5BC /* settings.plist */,
			);
			path = VlipperIphoneClient;
			sourceTree = "<group>";
		};
		5E7B936715AED35700D415A1 /* Supporting Files */ = {
			isa = PBXGroup;
			children = (
				5E0720D615B02536000AFD58 /* img */,
				5E7B936815AED35700D415A1 /* VlipperIphoneClient-Info.plist */,
				5E7B936915AED35700D415A1 /* InfoPlist.strings */,
				5E7B936C15AED35700D415A1 /* main.m */,
				5E7B936E15AED35700D415A1 /* VlipperIphoneClient-Prefix.pch */,
			);
			name = "Supporting Files";
			sourceTree = "<group>";
		};
		5E83F36A15DD0A0100CB2C81 /* loading */ = {
			isa = PBXGroup;
			children = (
				5E83F36C15DD0A3E00CB2C81 /* LoadingViewController.h */,
				5E83F36D15DD0A3E00CB2C81 /* LoadingViewController.m */,
				5E83F36E15DD0A3E00CB2C81 /* LoadingViewController.xib */,
			);
			name = loading;
			sourceTree = "<group>";
		};
/* End PBXGroup section */

/* Begin PBXNativeTarget section */
		5E7B935B15AED35700D415A1 /* VlipperIphoneClient */ = {
			isa = PBXNativeTarget;
			buildConfigurationList = 5E7B938815AED35700D415A1 /* Build configuration list for PBXNativeTarget "VlipperIphoneClient" */;
			buildPhases = (
				5E7B935815AED35700D415A1 /* Sources */,
				5E7B935915AED35700D415A1 /* Frameworks */,
				5E7B935A15AED35700D415A1 /* Resources */,
			);
			buildRules = (
			);
			dependencies = (
			);
			name = VlipperIphoneClient;
			productName = VlipperIphoneClient;
			productReference = 5E7B935C15AED35700D415A1 /* VlipperIphoneClient.app */;
			productType = "com.apple.product-type.application";
		};
/* End PBXNativeTarget section */

/* Begin PBXProject section */
		5E7B935315AED35700D415A1 /* Project object */ = {
			isa = PBXProject;
			attributes = {
				CLASSPREFIX = TWAG;
				LastUpgradeCheck = 0430;
			};
			buildConfigurationList = 5E7B935615AED35700D415A1 /* Build configuration list for PBXProject "VlipperIphoneClient" */;
			compatibilityVersion = "Xcode 3.2";
			developmentRegion = English;
			hasScannedForEncodings = 0;
			knownRegions = (
				en,
			);
			mainGroup = 5E7B935115AED35700D415A1;
			productRefGroup = 5E7B935D15AED35700D415A1 /* Products */;
			projectDirPath = "";
			projectRoot = "";
			targets = (
				5E7B935B15AED35700D415A1 /* VlipperIphoneClient */,
			);
		};
/* End PBXProject section */

/* Begin PBXResourcesBuildPhase section */
		5E7B935A15AED35700D415A1 /* Resources */ = {
			isa = PBXResourcesBuildPhase;
			buildActionMask = 2147483647;
			files = (
				5E7B936B15AED35700D415A1 /* InfoPlist.strings in Resources */,
				5E0720D515B02357000AFD58 /* LaunchViewController.xib in Resources */,
				5E07210015B03493000AFD58 /* TWAGSignupViewController.xib in Resources */,
				5E07210E15B19C28000AFD58 /* Cells.xib in Resources */,
				5E07211615B41B20000AFD58 /* TWAGSignupInProgressViewController.xib in Resources */,
				5E07212615B52DBB000AFD58 /* TWAGInboxViewController.xib in Resources */,
				5E07213515B53ED8000AFD58 /* TWAGSentViewController.xib in Resources */,
				5E07213F15B58D2B000AFD58 /* MailTableCell.xib in Resources */,
				5E07214415B68E1A000AFD58 /* TWAGContactsViewController.xib in Resources */,
				5E07214915B68E2E000AFD58 /* TWAGMoreViewController.xib in Resources */,
				5E07215515B69F1A000AFD58 /* TWAGComoseViewController.xib in Resources */,
				5E5E9E4D15B814C50067C5BC /* TWAGPlayerViewController.xib in Resources */,
				5E5E9E6315B874790067C5BC /* settings.plist in Resources */,
				5E5E9EE715BAC2B00067C5BC /* ComposeScreenCells.xib in Resources */,
				5E5E9EF215BB2F8F0067C5BC /* TWAGRecordingViewController.xib in Resources */,
				5EAC378115BD689A005DDD96 /* TWAGPlayAfterRecordViewController.xib in Resources */,
				5EA59DFA15BEEDA5009CC0BE /* TWAGSigninViewController.xib in Resources */,
				5E83F37015DD0A3E00CB2C81 /* LoadingViewController.xib in Resources */,
				5E55A0A215EF3397004A539A /* AddContactsViewController.xib in Resources */,
				5E55A0A515EF637E004A539A /* AddContactCells.xib in Resources */,
				5E998E0A15F4BA27001FFFE1 /* ViewContactRequestsViewController.xib in Resources */,
				5E998E0F15F4CF97001FFFE1 /* ContactViewController.xib in Resources */,
				5E998E2A15F8A216001FFFE1 /* ProfileViewController.xib in Resources */,
				5E0346B1160C8CE90093E91C /* ViewProfileTableCell.xib in Resources */,
				5E0346CC160DA72D0093E91C /* ProfileEditController.xib in Resources */,
				5E0346DC160DC4A90093E91C /* EditFieldViewController.xib in Resources */,
				5E1B7DEF165F75D800ECEE23 /* 2012-10-25 19.02.37.png in Resources */,
				5E1B7DF0165F75D800ECEE23 /* accept_facetime_call_button.png in Resources */,
				5E1B7DF1165F75D800ECEE23 /* accept.png in Resources */,
				5E1B7DF2165F75D800ECEE23 /* add_active.png in Resources */,
				5E1B7DF3165F75D800ECEE23 /* add_button.png in Resources */,
				5E1B7DF4165F75D800ECEE23 /* add_inactive.png in Resources */,
				5E1B7DF5165F75D800ECEE23 /* alphabet_list_contacts.png in Resources */,
				5E1B7DF6165F75D800ECEE23 /* attachment_off.png in Resources */,
				5E1B7DF7165F75D800ECEE23 /* attachment_on.png in Resources */,
				5E1B7DF8165F75D800ECEE23 /* back_button_bottom_bar.png in Resources */,
				5E1B7DF9165F75D800ECEE23 /* back_button.png in Resources */,
				5E1B7DFA165F75D800ECEE23 /* background.png in Resources */,
				5E1B7DFB165F75D800ECEE23 /* background1.png in Resources */,
				5E1B7DFC165F75D800ECEE23 /* blueArrow.png in Resources */,
				5E1B7DFD165F75D800ECEE23 /* bottom_bar_background.png in Resources */,
				5E1B7DFE165F75D800ECEE23 /* bottom_bar_bg.png in Resources */,
				5E1B7DFF165F75D800ECEE23 /* call_option.png in Resources */,
				5E1B7E00165F75D800ECEE23 /* camera.png in Resources */,
				5E1B7E01165F75D800ECEE23 /* cancel_button_camera.png in Resources */,
				5E1B7E02165F75D800ECEE23 /* cancel_button.png in Resources */,
				5E1B7E03165F75D800ECEE23 /* cancel_facetime_call_button.png in Resources */,
				5E1B7E04165F75D800ECEE23 /* cancel_inactive.png in Resources */,
				5E1B7E05165F75D800ECEE23 /* cancel_option.png in Resources */,
				5E1B7E06165F75D800ECEE23 /* cancel.png in Resources */,
				5E1B7E07165F75D800ECEE23 /* clear.png in Resources */,
				5E1B7E08165F75D800ECEE23 /* compose_new.png in Resources */,
				5E1B7E09165F75D800ECEE23 /* contacts_selected.png in Resources */,
				5E1B7E0A165F75D800ECEE23 /* contacts.png in Resources */,
				5E1B7E0B165F75D800ECEE23 /* delete_button.png in Resources */,
				5E1B7E0C165F75D800ECEE23 /* dontsave_option.png in Resources */,
				5E1B7E0D165F75D800ECEE23 /* InfoPlist.strings in Resources */,
				5E1B7E0E165F75D800ECEE23 /* end_facetime_call_button.png in Resources */,
				5E1B7E0F165F75D800ECEE23 /* facetime_disabled_option.png in Resources */,
				5E1B7E10165F75D800ECEE23 /* facetime_option.png in Resources */,
				5E1B7E11165F75D800ECEE23 /* forward.png in Resources */,
				5E1B7E12165F75D800ECEE23 /* geotag_uploaded.png in Resources */,
				5E1B7E13165F75D800ECEE23 /* geotag.png in Resources */,
				5E1B7E14165F75D800ECEE23 /* groups_active.png in Resources */,
				5E1B7E15165F75D800ECEE23 /* groups_inactive.png in Resources */,
				5E1B7E16165F75D800ECEE23 /* i-phone-bg.png in Resources */,
				5E1B7E17165F75D800ECEE23 /* inbox_selected.png in Resources */,
				5E1B7E18165F75D800ECEE23 /* iphone_bg6.png in Resources */,
				5E1B7E19165F75D800ECEE23 /* links_uploaded.png in Resources */,
				5E1B7E1A165F75D800ECEE23 /* links.png in Resources */,
				5E1B7E1B165F75D800ECEE23 /* magnifying_glass.png in Resources */,
				5E1B7E1C165F75D800ECEE23 /* message_single_bg_active.png in Resources */,
				5E1B7E1D165F75D800ECEE23 /* message_single_bg.png in Resources */,
				5E1B7E1E165F75D800ECEE23 /* more_selected.png in Resources */,
				5E1B7E1F165F75D800ECEE23 /* more.png in Resources */,
				5E1B7E20165F75D800ECEE23 /* notification_grey_bubble.png in Resources */,
				5E1B7E21165F75D800ECEE23 /* notification_red_bubble.png in Resources */,
				5E1B7E22165F75D800ECEE23 /* openinsafari_option.png in Resources */,
				5E1B7E23165F75D800ECEE23 /* options_background.png in Resources */,
				5E1B7E24165F75D800ECEE23 /* outbox_selected.png in Resources */,
				5E1B7E25165F75D800ECEE23 /* outbox.png in Resources */,
				5E1B7E26165F75D800ECEE23 /* pause.png in Resources */,
				5E1B7E27165F75D800ECEE23 /* Placeholder.png in Resources */,
				5E1B7E28165F75D800ECEE23 /* play_button.png in Resources */,
				5E1B7E29165F75D800ECEE23 /* record_active.png in Resources */,
				5E1B7E2A165F75D800ECEE23 /* record.png in Resources */,
				5E1B7E2B165F75D800ECEE23 /* recording_timer_background.png in Resources */,
				5E1B7E2C165F75D800ECEE23 /* refresh_down_arrow.png in Resources */,
				5E1B7E2D165F75D800ECEE23 /* refresh_up_arrow.png in Resources */,
				5E1B7E2E165F75D800ECEE23 /* reject.png in Resources */,
				5E1B7E2F165F75D800ECEE23 /* remove_button.png in Resources */,
				5E1B7E30165F75D800ECEE23 /* reply.png in Resources */,
				5E1B7E31165F75D800ECEE23 /* retake.png in Resources */,
				5E1B7E32165F75D800ECEE23 /* save_option.png in Resources */,
				5E1B7E33165F75D800ECEE23 /* save.png in Resources */,
				5E1B7E34165F75D800ECEE23 /* search_cancel.png in Resources */,
				5E1B7E35165F75D800ECEE23 /* send_inactive.png in Resources */,
				5E1B7E36165F75D800ECEE23 /* send.png in Resources */,
				5E1B7E37165F75D800ECEE23 /* separator-line.png in Resources */,
				5E1B7E38165F75D800ECEE23 /* settings_selected.png in Resources */,
				5E1B7E39165F75D800ECEE23 /* settings.png in Resources */,
				5E1B7E3A165F75D800ECEE23 /* signin.png in Resources */,
				5E1B7E3B165F75D800ECEE23 /* signup.png in Resources */,
				5E1B7E3C165F75D800ECEE23 /* swipe_options_bg.png in Resources */,
				5E1B7E3D165F75D800ECEE23 /* swipe_options_play.png in Resources */,
				5E1B7E3E165F75D800ECEE23 /* swipe_options_reply.png in Resources */,
				5E1B7E3F165F75D800ECEE23 /* swipe_options_trash.png in Resources */,
				5E1B7E40165F75D800ECEE23 /* swipe_options_user.png in Resources */,
				5E1B7E41165F75D800ECEE23 /* topbar.png in Resources */,
				5E1B7E42165F75D800ECEE23 /* trash_button_active.png in Resources */,
				5E1B7E43165F75D800ECEE23 /* trash_button.png in Resources */,
				5E1B7E44165F75D800ECEE23 /* unread.png in Resources */,
				5E1B7E45165F75D800ECEE23 /* use.png in Resources */,
				5E1B7E46165F75D800ECEE23 /* video_message_uploaded.png in Resources */,
				5E1B7E47165F75D800ECEE23 /* video_message.png in Resources */,
				5E1B7E48165F75D800ECEE23 /* videomail_option.png in Resources */,
				5E1B7E49165F75D800ECEE23 /* wifi_active.png in Resources */,
				5E1B7E4A165F75D800ECEE23 /* wifi_inactive.png in Resources */,
			);
			runOnlyForDeploymentPostprocessing = 0;
		};
/* End PBXResourcesBuildPhase section */

/* Begin PBXSourcesBuildPhase section */
		5E7B935815AED35700D415A1 /* Sources */ = {
			isa = PBXSourcesBuildPhase;
			buildActionMask = 2147483647;
			files = (
				5E7B936D15AED35700D415A1 /* main.m in Sources */,
				5E7B937115AED35700D415A1 /* TWAGAppDelegate.m in Sources */,
				5E0720D415B02357000AFD58 /* LaunchViewController.m in Sources */,
				5E0720FF15B03493000AFD58 /* TWAGSignupViewController.m in Sources */,
				5E07211515B41B20000AFD58 /* TWAGSignupInProgressViewController.m in Sources */,
				5E07212515B52DBB000AFD58 /* TWAGInboxViewController.m in Sources */,
				5E07213415B53ED8000AFD58 /* TWAGSentViewController.m in Sources */,
				5E07213D15B58B4E000AFD58 /* MailTableCell.m in Sources */,
				5E07214315B68E1A000AFD58 /* TWAGContactsViewController.m in Sources */,
				5E07214815B68E2E000AFD58 /* TWAGMoreViewController.m in Sources */,
				5E07215415B69F1A000AFD58 /* TWAGComoseViewController.m in Sources */,
				5E5E9E4715B700450067C5BC /* TWAGUIImageView.m in Sources */,
				5E5E9E4C15B814C50067C5BC /* TWAGPlayerViewController.m in Sources */,
				5E5E9E6615B87C5C0067C5BC /* TWAGConstants.m in Sources */,
				5E5E9EF115BB2F8F0067C5BC /* TWAGRecordingViewController.m in Sources */,
				5EAC378015BD689A005DDD96 /* TWAGPlayAfterRecordViewController.m in Sources */,
				5EA59DF915BEEDA5009CC0BE /* TWAGSigninViewController.m in Sources */,
				5EA59F7B15C2D52D009CC0BE /* PullRefreshTableView.m in Sources */,
				5E83F32815C92EFC00CB2C81 /* SwipedTableCell.m in Sources */,
				5E83F36F15DD0A3E00CB2C81 /* LoadingViewController.m in Sources */,
				5E93A6C115EBA30B00FB3E36 /* AutoCompleteDelegate.m in Sources */,
				5E93A6C515EBA65100FB3E36 /* AutoCompleteTableView.m in Sources */,
				5E55A09915EE1158004A539A /* TWAGProtocols.m in Sources */,
				5E55A0A115EF3397004A539A /* AddContactsViewController.m in Sources */,
				5E998DE615F1F42F001FFFE1 /* ContactTableCell.m in Sources */,
				5E998DF615F222F7001FFFE1 /* UILazyImageView.m in Sources */,
				5E998DFD15F2359F001FFFE1 /* IconDownloader.m in Sources */,
				5E998E0315F2374B001FFFE1 /* ProfileRecord.m in Sources */,
				5E998E0915F4BA27001FFFE1 /* ViewContactRequestsViewController.m in Sources */,
				5E998E0E15F4CF97001FFFE1 /* ContactViewController.m in Sources */,
				5E998E2915F8A216001FFFE1 /* ProfileViewController.m in Sources */,
				5E0346BC160C953E0093E91C /* AboutMeViewCell.m in Sources */,
				5E0346BF160C95E90093E91C /* LocationCell.m in Sources */,
				5E0346C2160C95FD0093E91C /* WebCell.m in Sources */,
				5E0346CB160DA72D0093E91C /* ProfileEditController.m in Sources */,
				5E0346CF160DADD50093E91C /* AboutMeEditCell.m in Sources */,
				5E0346D2160DADEA0093E91C /* NameCell.m in Sources */,
				5E0346DB160DC4A90093E91C /* EditFieldViewController.m in Sources */,
				5E0346DF160DD35A0093E91C /* EditFieldCell.m in Sources */,
				5E0346E216106B430093E91C /* ProfileImageCell.m in Sources */,
			);
			runOnlyForDeploymentPostprocessing = 0;
		};
/* End PBXSourcesBuildPhase section */

/* Begin PBXVariantGroup section */
		5E1B7DB0165F75D800ECEE23 /* InfoPlist.strings */ = {
			isa = PBXVariantGroup;
			children = (
				5E1B7DB1165F75D800ECEE23 /* en */,
			);
			name = InfoPlist.strings;
			sourceTree = "<group>";
		};
		5E7B936915AED35700D415A1 /* InfoPlist.strings */ = {
			isa = PBXVariantGroup;
			children = (
				5E7B936A15AED35700D415A1 /* en */,
			);
			name = InfoPlist.strings;
			sourceTree = "<group>";
		};
/* End PBXVariantGroup section */

/* Begin XCBuildConfiguration section */
		5E7B938615AED35700D415A1 /* Debug */ = {
			isa = XCBuildConfiguration;
			buildSettings = {
				ALWAYS_SEARCH_USER_PATHS = NO;
				ARCHS = "$(ARCHS_STANDARD_32_BIT)";
				CLANG_ENABLE_OBJC_ARC = YES;
				"CODE_SIGN_IDENTITY[sdk=iphoneos*]" = "iPhone Developer";
				COPY_PHASE_STRIP = NO;
				GCC_C_LANGUAGE_STANDARD = gnu99;
				GCC_DYNAMIC_NO_PIC = NO;
				GCC_OPTIMIZATION_LEVEL = 0;
				GCC_PREPROCESSOR_DEFINITIONS = (
					"DEBUG=1",
					"$(inherited)",
				);
				GCC_SYMBOLS_PRIVATE_EXTERN = NO;
				GCC_VERSION = com.apple.compilers.llvm.clang.1_0;
				GCC_WARN_ABOUT_RETURN_TYPE = YES;
				GCC_WARN_UNINITIALIZED_AUTOS = YES;
				GCC_WARN_UNUSED_VARIABLE = YES;
				IPHONEOS_DEPLOYMENT_TARGET = 5.1;
				SDKROOT = iphoneos;
			};
			name = Debug;
		};
		5E7B938715AED35700D415A1 /* Release */ = {
			isa = XCBuildConfiguration;
			buildSettings = {
				ALWAYS_SEARCH_USER_PATHS = NO;
				ARCHS = "$(ARCHS_STANDARD_32_BIT)";
				CLANG_ENABLE_OBJC_ARC = YES;
				"CODE_SIGN_IDENTITY[sdk=iphoneos*]" = "iPhone Developer";
				COPY_PHASE_STRIP = YES;
				GCC_C_LANGUAGE_STANDARD = gnu99;
				GCC_VERSION = com.apple.compilers.llvm.clang.1_0;
				GCC_WARN_ABOUT_RETURN_TYPE = YES;
				GCC_WARN_UNINITIALIZED_AUTOS = YES;
				GCC_WARN_UNUSED_VARIABLE = YES;
				IPHONEOS_DEPLOYMENT_TARGET = 5.1;
				OTHER_CFLAGS = "-DNS_BLOCK_ASSERTIONS=1";
				SDKROOT = iphoneos;
				VALIDATE_PRODUCT = YES;
			};
			name = Release;
		};
		5E7B938915AED35700D415A1 /* Debug */ = {
			isa = XCBuildConfiguration;
			buildSettings = {
				GCC_PRECOMPILE_PREFIX_HEADER = YES;
				GCC_PREFIX_HEADER = "VlipperIphoneClient/VlipperIphoneClient-Prefix.pch";
				INFOPLIST_FILE = "VlipperIphoneClient/VlipperIphoneClient-Info.plist";
				PRODUCT_NAME = "$(TARGET_NAME)";
				WRAPPER_EXTENSION = app;
			};
			name = Debug;
		};
		5E7B938A15AED35700D415A1 /* Release */ = {
			isa = XCBuildConfiguration;
			buildSettings = {
				GCC_PRECOMPILE_PREFIX_HEADER = YES;
				GCC_PREFIX_HEADER = "VlipperIphoneClient/VlipperIphoneClient-Prefix.pch";
				INFOPLIST_FILE = "VlipperIphoneClient/VlipperIphoneClient-Info.plist";
				PRODUCT_NAME = "$(TARGET_NAME)";
				WRAPPER_EXTENSION = app;
			};
			name = Release;
		};
/* End XCBuildConfiguration section */

/* Begin XCConfigurationList section */
		5E7B935615AED35700D415A1 /* Build configuration list for PBXProject "VlipperIphoneClient" */ = {
			isa = XCConfigurationList;
			buildConfigurations = (
				5E7B938615AED35700D415A1 /* Debug */,
				5E7B938715AED35700D415A1 /* Release */,
			);
			defaultConfigurationIsVisible = 0;
			defaultConfigurationName = Release;
		};
		5E7B938815AED35700D415A1 /* Build configuration list for PBXNativeTarget "VlipperIphoneClient" */ = {
			isa = XCConfigurationList;
			buildConfigurations = (
				5E7B938915AED35700D415A1 /* Debug */,
				5E7B938A15AED35700D415A1 /* Release */,
			);
			defaultConfigurationIsVisible = 0;
			defaultConfigurationName = Release;
		};
/* End XCConfigurationList section */
	};
	rootObject = 5E7B935315AED35700D415A1 /* Project object */;
}
